// !$*UTF8*$!
{
	archiveVersion = 1;
	classes = {
	};
	objectVersion = 46;
	objects = {

/* Begin PBXBuildFile section */
		1E00D5491E598B5100AC3E95 /* WWishBoardViewController.m in Sources */ = {isa = PBXBuildFile; fileRef = 1E00D5481E598B5100AC3E95 /* WWishBoardViewController.m */; };
		1E00D54C1E599AF900AC3E95 /* WGiftViewController.m in Sources */ = {isa = PBXBuildFile; fileRef = 1E00D54B1E599AF900AC3E95 /* WGiftViewController.m */; };
		1E00D54F1E59CEA300AC3E95 /* WWishListViewController.m in Sources */ = {isa = PBXBuildFile; fileRef = 1E00D54E1E59CEA300AC3E95 /* WWishListViewController.m */; };
		1E00D5521E59D6B400AC3E95 /* WWishToViewController.m in Sources */ = {isa = PBXBuildFile; fileRef = 1E00D5511E59D6B400AC3E95 /* WWishToViewController.m */; };
		1E00D5551E59DB8700AC3E95 /* WCommentsViewController.m in Sources */ = {isa = PBXBuildFile; fileRef = 1E00D5541E59DB8700AC3E95 /* WCommentsViewController.m */; };
		1E00D5581E59E43E00AC3E95 /* WProfileViewController.m in Sources */ = {isa = PBXBuildFile; fileRef = 1E00D5571E59E43E00AC3E95 /* WProfileViewController.m */; };
		1E00D55B1E59E4E800AC3E95 /* WEditProfileTableViewCell.m in Sources */ = {isa = PBXBuildFile; fileRef = 1E00D55A1E59E4E800AC3E95 /* WEditProfileTableViewCell.m */; };
		1E010B211E508A07004AF3B9 /* whiz.storyboard in Resources */ = {isa = PBXBuildFile; fileRef = 1E010B1F1E508A07004AF3B9 /* whiz.storyboard */; };
		1E010B251E509277004AF3B9 /* WWizhViewController.m in Sources */ = {isa = PBXBuildFile; fileRef = 1E010B241E509277004AF3B9 /* WWizhViewController.m */; };
		1E060B031CC4E311009E1BBC /* main.m in Sources */ = {isa = PBXBuildFile; fileRef = 1E060B021CC4E311009E1BBC /* main.m */; };
		1E060B061CC4E311009E1BBC /* AppDelegate.m in Sources */ = {isa = PBXBuildFile; fileRef = 1E060B051CC4E311009E1BBC /* AppDelegate.m */; };
		1E060B0C1CC4E311009E1BBC /* Login.storyboard in Resources */ = {isa = PBXBuildFile; fileRef = 1E060B0A1CC4E311009E1BBC /* Login.storyboard */; };
		1E060B111CC4E311009E1BBC /* LaunchScreen.storyboard in Resources */ = {isa = PBXBuildFile; fileRef = 1E060B0F1CC4E311009E1BBC /* LaunchScreen.storyboard */; };
		1E060B1C1CC4E311009E1BBC /* wizhwishTests.m in Sources */ = {isa = PBXBuildFile; fileRef = 1E060B1B1CC4E311009E1BBC /* wizhwishTests.m */; };
		1E060B271CC4E311009E1BBC /* wizhwishUITests.m in Sources */ = {isa = PBXBuildFile; fileRef = 1E060B261CC4E311009E1BBC /* wizhwishUITests.m */; };
		1E18878B1CE1BF2C00B7F1D5 /* WZMyWishesTableViewCell.m in Sources */ = {isa = PBXBuildFile; fileRef = 1E18878A1CE1BF2C00B7F1D5 /* WZMyWishesTableViewCell.m */; };
		1E1CCB1C1D855EB600423904 /* Media.storyboard in Resources */ = {isa = PBXBuildFile; fileRef = 1E1CCB1A1D855EB600423904 /* Media.storyboard */; };
		1E1CCB1E1D85602E00423904 /* Media.xcassets in Resources */ = {isa = PBXBuildFile; fileRef = 1E1CCB1D1D85602E00423904 /* Media.xcassets */; };
		1E1CCB221D85629900423904 /* WVideoRecordViewController.m in Sources */ = {isa = PBXBuildFile; fileRef = 1E1CCB211D85629900423904 /* WVideoRecordViewController.m */; };
		1E271DAF1CE2097E00DB572F /* AVFoundation.framework in Frameworks */ = {isa = PBXBuildFile; fileRef = 1E271DAE1CE2097E00DB572F /* AVFoundation.framework */; };
		1E271DB31CE2149500DB572F /* Photos.framework in Frameworks */ = {isa = PBXBuildFile; fileRef = 1E271DB21CE2149500DB572F /* Photos.framework */; };
		1E2F0C131DB24E50002CF9AA /* WSetting.m in Sources */ = {isa = PBXBuildFile; fileRef = 1E2F0C121DB24E50002CF9AA /* WSetting.m */; };
		1E4276261CD914B00004A0F8 /* RUUtility.m in Sources */ = {isa = PBXBuildFile; fileRef = 1E4276251CD914B00004A0F8 /* RUUtility.m */; };
		1E42762B1CD914D00004A0F8 /* WZPostTableViewCell.m in Sources */ = {isa = PBXBuildFile; fileRef = 1E4276281CD914D00004A0F8 /* WZPostTableViewCell.m */; };
		1E42762C1CD914D00004A0F8 /* WZPostTopTableViewCell.m in Sources */ = {isa = PBXBuildFile; fileRef = 1E42762A1CD914D00004A0F8 /* WZPostTopTableViewCell.m */; };
		1E42762F1CD914E20004A0F8 /* WZFriendCollectionViewCell.m in Sources */ = {isa = PBXBuildFile; fileRef = 1E42762E1CD914E20004A0F8 /* WZFriendCollectionViewCell.m */; };
		1E4276321CD914F70004A0F8 /* UIViewController+Extras.m in Sources */ = {isa = PBXBuildFile; fileRef = 1E4276311CD914F70004A0F8 /* UIViewController+Extras.m */; };
		1E4276351CD915020004A0F8 /* UIView+Extras.m in Sources */ = {isa = PBXBuildFile; fileRef = 1E4276341CD915020004A0F8 /* UIView+Extras.m */; };
		1E4276381CD9150D0004A0F8 /* UIStoryboard+Extras.m in Sources */ = {isa = PBXBuildFile; fileRef = 1E4276371CD9150D0004A0F8 /* UIStoryboard+Extras.m */; };
		1E42763B1CD9151A0004A0F8 /* UIImage+Extra.m in Sources */ = {isa = PBXBuildFile; fileRef = 1E42763A1CD9151A0004A0F8 /* UIImage+Extra.m */; };
		1E42763E1CD915270004A0F8 /* UIColor+Extras.m in Sources */ = {isa = PBXBuildFile; fileRef = 1E42763D1CD915270004A0F8 /* UIColor+Extras.m */; };
		1E4276411CD915350004A0F8 /* OLGhostAlertView+Extras.m in Sources */ = {isa = PBXBuildFile; fileRef = 1E4276401CD915350004A0F8 /* OLGhostAlertView+Extras.m */; };
		1E4276441CD915430004A0F8 /* NSString+Extras.m in Sources */ = {isa = PBXBuildFile; fileRef = 1E4276431CD915430004A0F8 /* NSString+Extras.m */; };
		1E4276471CD915510004A0F8 /* NSError+Extras.m in Sources */ = {isa = PBXBuildFile; fileRef = 1E4276461CD915510004A0F8 /* NSError+Extras.m */; };
		1E42764A1CD915650004A0F8 /* WZMyProfileViewController.m in Sources */ = {isa = PBXBuildFile; fileRef = 1E4276491CD915650004A0F8 /* WZMyProfileViewController.m */; };
		1E42764D1CD915720004A0F8 /* WZHomeViewController.m in Sources */ = {isa = PBXBuildFile; fileRef = 1E42764C1CD915720004A0F8 /* WZHomeViewController.m */; };
		1E4276501CD915800004A0F8 /* WZRegistrationViewController.m in Sources */ = {isa = PBXBuildFile; fileRef = 1E42764F1CD915800004A0F8 /* WZRegistrationViewController.m */; };
		1E4276561CD915A20004A0F8 /* home.storyboard in Resources */ = {isa = PBXBuildFile; fileRef = 1E4276541CD915A20004A0F8 /* home.storyboard */; };
		1E4276581CD915B90004A0F8 /* Home.xcassets in Resources */ = {isa = PBXBuildFile; fileRef = 1E4276571CD915B90004A0F8 /* Home.xcassets */; };
		1E42765B1CD915C10004A0F8 /* Login.xcassets in Resources */ = {isa = PBXBuildFile; fileRef = 1E4276591CD915C10004A0F8 /* Login.xcassets */; };
		1E4C57491E771C6F00687BF7 /* SCustomProgressView.m in Sources */ = {isa = PBXBuildFile; fileRef = 1E4C57481E771C6F00687BF7 /* SCustomProgressView.m */; };
		1E4C578B1E791B0300687BF7 /* RUWebServiceParser.m in Sources */ = {isa = PBXBuildFile; fileRef = 1E4C578A1E791B0300687BF7 /* RUWebServiceParser.m */; };
		1E4C578F1E791EC400687BF7 /* WZServiceParser.m in Sources */ = {isa = PBXBuildFile; fileRef = 1E4C578E1E791EC400687BF7 /* WZServiceParser.m */; };
		1E4FD21A1CFB183600612466 /* PHAGSPA.TTF in Resources */ = {isa = PBXBuildFile; fileRef = 1E4FD2191CFB171800612466 /* PHAGSPA.TTF */; };
		1E4FD21B1CFB183B00612466 /* PHAGSPAB.TTF in Resources */ = {isa = PBXBuildFile; fileRef = 1E4FD2181CFB170400612466 /* PHAGSPAB.TTF */; };
		1E4FD22F1CFB311500612466 /* JKSearchBar.m in Sources */ = {isa = PBXBuildFile; fileRef = 1E4FD22D1CFB311500612466 /* JKSearchBar.m */; };
		1E4FD2331CFB318500612466 /* JKPickerView.m in Sources */ = {isa = PBXBuildFile; fileRef = 1E4FD2321CFB318500612466 /* JKPickerView.m */; };
		1E5A1A441E6C6FFD003226A8 /* WTempVideoRecorderViewController.m in Sources */ = {isa = PBXBuildFile; fileRef = 1E5A1A431E6C6FFD003226A8 /* WTempVideoRecorderViewController.m */; };
		1E7208C51CD920780017188F /* Profile.storyboard in Resources */ = {isa = PBXBuildFile; fileRef = 1E7208C31CD920780017188F /* Profile.storyboard */; };
		1E7208C81CD923740017188F /* WZProfileTableViewCell.m in Sources */ = {isa = PBXBuildFile; fileRef = 1E7208C71CD923740017188F /* WZProfileTableViewCell.m */; };
		1E7208CB1CD924420017188F /* WZFollowerViewController.m in Sources */ = {isa = PBXBuildFile; fileRef = 1E7208CA1CD924420017188F /* WZFollowerViewController.m */; };
		1E8032921CDE67FD0010D036 /* Profile.xcassets in Resources */ = {isa = PBXBuildFile; fileRef = 1E8032911CDE67FD0010D036 /* Profile.xcassets */; };
		1E8032961CDF040D0010D036 /* UITextField+Extras.m in Sources */ = {isa = PBXBuildFile; fileRef = 1E8032951CDF040D0010D036 /* UITextField+Extras.m */; };
		1E8032991CDF0BE30010D036 /* WZMyWishesViewController.m in Sources */ = {isa = PBXBuildFile; fileRef = 1E8032981CDF0BE30010D036 /* WZMyWishesViewController.m */; };
		1E8717E51CE879410062EFE9 /* Chat.storyboard in Resources */ = {isa = PBXBuildFile; fileRef = 1E8717E31CE879410062EFE9 /* Chat.storyboard */; };
		1E8717E71CE8A19F0062EFE9 /* Chat.xcassets in Resources */ = {isa = PBXBuildFile; fileRef = 1E8717E61CE8A19F0062EFE9 /* Chat.xcassets */; };
		1E8717EB1CE8A8BC0062EFE9 /* WZChatViewController.m in Sources */ = {isa = PBXBuildFile; fileRef = 1E8717EA1CE8A8BC0062EFE9 /* WZChatViewController.m */; };
		1E8717EE1CE8B0B70062EFE9 /* WZEmptySegue.m in Sources */ = {isa = PBXBuildFile; fileRef = 1E8717ED1CE8B0B70062EFE9 /* WZEmptySegue.m */; };
		1E8717F31CE8B2650062EFE9 /* WZContainerViewController.m in Sources */ = {isa = PBXBuildFile; fileRef = 1E8717F21CE8B2650062EFE9 /* WZContainerViewController.m */; };
		1E8717F81CE8B4B60062EFE9 /* WZChatListViewController.m in Sources */ = {isa = PBXBuildFile; fileRef = 1E8717F71CE8B4B60062EFE9 /* WZChatListViewController.m */; };
		1E8717FE1CE8BDCA0062EFE9 /* WZNewFriendViewController.m in Sources */ = {isa = PBXBuildFile; fileRef = 1E8717FD1CE8BDCA0062EFE9 /* WZNewFriendViewController.m */; };
		1E9728BB1D43A611003EA877 /* WPostView.m in Sources */ = {isa = PBXBuildFile; fileRef = 1E9728B91D43A611003EA877 /* WPostView.m */; };
		1E9728BC1D43A611003EA877 /* WPostView.xib in Resources */ = {isa = PBXBuildFile; fileRef = 1E9728BA1D43A611003EA877 /* WPostView.xib */; };
		1EA47E341D043C6600794973 /* WZMyPostTableViewCell.m in Sources */ = {isa = PBXBuildFile; fileRef = 1EA47E331D043C6600794973 /* WZMyPostTableViewCell.m */; };
		1EAC13B51E618BE8002A6FDE /* LoginViewController.m in Sources */ = {isa = PBXBuildFile; fileRef = 1EAC13B41E618BE8002A6FDE /* LoginViewController.m */; };
		1EAE52411E4F701C007DC15D /* WTextViewController.m in Sources */ = {isa = PBXBuildFile; fileRef = 1EAE52401E4F701C007DC15D /* WTextViewController.m */; };
		1EB5F3F91E813BC600352A36 /* MBCircularProgressBarLayer.m in Sources */ = {isa = PBXBuildFile; fileRef = 1EB5F3F61E813BC600352A36 /* MBCircularProgressBarLayer.m */; };
		1EB5F3FA1E813BC600352A36 /* MBCircularProgressBarView.m in Sources */ = {isa = PBXBuildFile; fileRef = 1EB5F3F81E813BC600352A36 /* MBCircularProgressBarView.m */; };
		1EC05A031E60A508007026C3 /* Background.mp4 in Resources */ = {isa = PBXBuildFile; fileRef = 1EC05A021E60A0BF007026C3 /* Background.mp4 */; };
		1ED143141E41EE9C008045CA /* WPhotoEditViewController.m in Sources */ = {isa = PBXBuildFile; fileRef = 1ED143131E41EE9C008045CA /* WPhotoEditViewController.m */; };
		1ED6C7241CE4E2630042D3F6 /* WZPostsViewController.m in Sources */ = {isa = PBXBuildFile; fileRef = 1ED6C7231CE4E2630042D3F6 /* WZPostsViewController.m */; };
		1ED942A31DFC682000BEF8AC /* WPhotoViewController.m in Sources */ = {isa = PBXBuildFile; fileRef = 1ED942A21DFC682000BEF8AC /* WPhotoViewController.m */; };
		1EE266711E85324300ECE867 /* WZPost.m in Sources */ = {isa = PBXBuildFile; fileRef = 1EE266701E85324300ECE867 /* WZPost.m */; };
		1EE266751E85331E00ECE867 /* WZComments.m in Sources */ = {isa = PBXBuildFile; fileRef = 1EE266741E85331E00ECE867 /* WZComments.m */; };
		1EE266791E8538B000ECE867 /* NSDate+Extras.m in Sources */ = {isa = PBXBuildFile; fileRef = 1EE266781E8538B000ECE867 /* NSDate+Extras.m */; };
		1EE33E981E6F44390012248A /* NSURL+SCSaveToCameraRoll.m in Sources */ = {isa = PBXBuildFile; fileRef = 1EE33E971E6F44390012248A /* NSURL+SCSaveToCameraRoll.m */; };
		1EEDCCB11DB507F300DBB363 /* UIImage+Filtrr.m in Sources */ = {isa = PBXBuildFile; fileRef = 1EEDCCAC1DB507F300DBB363 /* UIImage+Filtrr.m */; };
		1EEDCCB21DB507F300DBB363 /* UIImage+FiltrrCompositions.m in Sources */ = {isa = PBXBuildFile; fileRef = 1EEDCCAE1DB507F300DBB363 /* UIImage+FiltrrCompositions.m */; };
		1EEDCCB31DB507F300DBB363 /* UIImage+Scale.m in Sources */ = {isa = PBXBuildFile; fileRef = 1EEDCCB01DB507F300DBB363 /* UIImage+Scale.m */; };
		1EFC87231E4C94630045C801 /* WRecordAudioViewController.m in Sources */ = {isa = PBXBuildFile; fileRef = 1EFC87221E4C94630045C801 /* WRecordAudioViewController.m */; };
		1EFD83E11DB908AB00E119F3 /* MobileCoreServices.framework in Frameworks */ = {isa = PBXBuildFile; fileRef = 1EFD83E01DB908AB00E119F3 /* MobileCoreServices.framework */; };
		4605804C1CB8D499EF70D28D /* libPods-wizhwishTests.a in Frameworks */ = {isa = PBXBuildFile; fileRef = FABF292CDED638013DF25DF6 /* libPods-wizhwishTests.a */; };
		7080276E80C0C097FF8CACF7 /* libPods-wizhwishUITests.a in Frameworks */ = {isa = PBXBuildFile; fileRef = AC095F7D0EE119FB8A0B7F8C /* libPods-wizhwishUITests.a */; };
		7286E6EE93A8F26B6561CD26 /* libPods-wizhwish.a in Frameworks */ = {isa = PBXBuildFile; fileRef = CEE259F91320EACE61E495C4 /* libPods-wizhwish.a */; };
/* End PBXBuildFile section */

/* Begin PBXContainerItemProxy section */
		1E060B181CC4E311009E1BBC /* PBXContainerItemProxy */ = {
			isa = PBXContainerItemProxy;
			containerPortal = 1E060AF61CC4E311009E1BBC /* Project object */;
			proxyType = 1;
			remoteGlobalIDString = 1E060AFD1CC4E311009E1BBC;
			remoteInfo = wizhwish;
		};
		1E060B231CC4E311009E1BBC /* PBXContainerItemProxy */ = {
			isa = PBXContainerItemProxy;
			containerPortal = 1E060AF61CC4E311009E1BBC /* Project object */;
			proxyType = 1;
			remoteGlobalIDString = 1E060AFD1CC4E311009E1BBC;
			remoteInfo = wizhwish;
		};
/* End PBXContainerItemProxy section */

/* Begin PBXFileReference section */
		1E00D5471E598B5100AC3E95 /* WWishBoardViewController.h */ = {isa = PBXFileReference; fileEncoding = 4; lastKnownFileType = sourcecode.c.h; name = WWishBoardViewController.h; path = ViewController/WWishBoardViewController.h; sourceTree = "<group>"; };
		1E00D5481E598B5100AC3E95 /* WWishBoardViewController.m */ = {isa = PBXFileReference; fileEncoding = 4; lastKnownFileType = sourcecode.c.objc; name = WWishBoardViewController.m; path = ViewController/WWishBoardViewController.m; sourceTree = "<group>"; };
		1E00D54A1E599AF900AC3E95 /* WGiftViewController.h */ = {isa = PBXFileReference; fileEncoding = 4; lastKnownFileType = sourcecode.c.h; name = WGiftViewController.h; path = ViewController/WGiftViewController.h; sourceTree = "<group>"; };
		1E00D54B1E599AF900AC3E95 /* WGiftViewController.m */ = {isa = PBXFileReference; fileEncoding = 4; lastKnownFileType = sourcecode.c.objc; name = WGiftViewController.m; path = ViewController/WGiftViewController.m; sourceTree = "<group>"; };
		1E00D54D1E59CEA300AC3E95 /* WWishListViewController.h */ = {isa = PBXFileReference; fileEncoding = 4; lastKnownFileType = sourcecode.c.h; name = WWishListViewController.h; path = ViewController/WWishListViewController.h; sourceTree = "<group>"; };
		1E00D54E1E59CEA300AC3E95 /* WWishListViewController.m */ = {isa = PBXFileReference; fileEncoding = 4; lastKnownFileType = sourcecode.c.objc; name = WWishListViewController.m; path = ViewController/WWishListViewController.m; sourceTree = "<group>"; };
		1E00D5501E59D6B400AC3E95 /* WWishToViewController.h */ = {isa = PBXFileReference; fileEncoding = 4; lastKnownFileType = sourcecode.c.h; name = WWishToViewController.h; path = ViewController/WWishToViewController.h; sourceTree = "<group>"; };
		1E00D5511E59D6B400AC3E95 /* WWishToViewController.m */ = {isa = PBXFileReference; fileEncoding = 4; lastKnownFileType = sourcecode.c.objc; name = WWishToViewController.m; path = ViewController/WWishToViewController.m; sourceTree = "<group>"; };
		1E00D5531E59DB8700AC3E95 /* WCommentsViewController.h */ = {isa = PBXFileReference; fileEncoding = 4; lastKnownFileType = sourcecode.c.h; name = WCommentsViewController.h; path = ViewController/WCommentsViewController.h; sourceTree = "<group>"; };
		1E00D5541E59DB8700AC3E95 /* WCommentsViewController.m */ = {isa = PBXFileReference; fileEncoding = 4; lastKnownFileType = sourcecode.c.objc; name = WCommentsViewController.m; path = ViewController/WCommentsViewController.m; sourceTree = "<group>"; };
		1E00D5561E59E43E00AC3E95 /* WProfileViewController.h */ = {isa = PBXFileReference; fileEncoding = 4; lastKnownFileType = sourcecode.c.h; name = WProfileViewController.h; path = ViewController/WProfileViewController.h; sourceTree = "<group>"; };
		1E00D5571E59E43E00AC3E95 /* WProfileViewController.m */ = {isa = PBXFileReference; fileEncoding = 4; lastKnownFileType = sourcecode.c.objc; name = WProfileViewController.m; path = ViewController/WProfileViewController.m; sourceTree = "<group>"; };
		1E00D5591E59E4E800AC3E95 /* WEditProfileTableViewCell.h */ = {isa = PBXFileReference; fileEncoding = 4; lastKnownFileType = sourcecode.c.h; name = WEditProfileTableViewCell.h; path = Cells/WEditProfileTableViewCell.h; sourceTree = "<group>"; };
		1E00D55A1E59E4E800AC3E95 /* WEditProfileTableViewCell.m */ = {isa = PBXFileReference; fileEncoding = 4; lastKnownFileType = sourcecode.c.objc; name = WEditProfileTableViewCell.m; path = Cells/WEditProfileTableViewCell.m; sourceTree = "<group>"; };
		1E010B201E508A07004AF3B9 /* Base */ = {isa = PBXFileReference; lastKnownFileType = file.storyboard; name = Base; path = Base.lproj/whiz.storyboard; sourceTree = "<group>"; };
		1E010B231E509277004AF3B9 /* WWizhViewController.h */ = {isa = PBXFileReference; fileEncoding = 4; lastKnownFileType = sourcecode.c.h; name = WWizhViewController.h; path = ViewController/WWizhViewController.h; sourceTree = "<group>"; };
		1E010B241E509277004AF3B9 /* WWizhViewController.m */ = {isa = PBXFileReference; fileEncoding = 4; lastKnownFileType = sourcecode.c.objc; name = WWizhViewController.m; path = ViewController/WWizhViewController.m; sourceTree = "<group>"; };
		1E060AFE1CC4E311009E1BBC /* wizhwish.app */ = {isa = PBXFileReference; explicitFileType = wrapper.application; includeInIndex = 0; path = wizhwish.app; sourceTree = BUILT_PRODUCTS_DIR; };
		1E060B021CC4E311009E1BBC /* main.m */ = {isa = PBXFileReference; lastKnownFileType = sourcecode.c.objc; path = main.m; sourceTree = "<group>"; };
		1E060B041CC4E311009E1BBC /* AppDelegate.h */ = {isa = PBXFileReference; lastKnownFileType = sourcecode.c.h; path = AppDelegate.h; sourceTree = "<group>"; };
		1E060B051CC4E311009E1BBC /* AppDelegate.m */ = {isa = PBXFileReference; lastKnownFileType = sourcecode.c.objc; path = AppDelegate.m; sourceTree = "<group>"; };
		1E060B0B1CC4E311009E1BBC /* Base */ = {isa = PBXFileReference; lastKnownFileType = file.storyboard; name = Base; path = Base.lproj/Login.storyboard; sourceTree = "<group>"; };
		1E060B101CC4E311009E1BBC /* Base */ = {isa = PBXFileReference; lastKnownFileType = file.storyboard; name = Base; path = Base.lproj/LaunchScreen.storyboard; sourceTree = "<group>"; };
		1E060B121CC4E311009E1BBC /* Info.plist */ = {isa = PBXFileReference; lastKnownFileType = text.plist.xml; path = Info.plist; sourceTree = "<group>"; };
		1E060B171CC4E311009E1BBC /* wizhwishTests.xctest */ = {isa = PBXFileReference; explicitFileType = wrapper.cfbundle; includeInIndex = 0; path = wizhwishTests.xctest; sourceTree = BUILT_PRODUCTS_DIR; };
		1E060B1B1CC4E311009E1BBC /* wizhwishTests.m */ = {isa = PBXFileReference; lastKnownFileType = sourcecode.c.objc; path = wizhwishTests.m; sourceTree = "<group>"; };
		1E060B1D1CC4E311009E1BBC /* Info.plist */ = {isa = PBXFileReference; lastKnownFileType = text.plist.xml; path = Info.plist; sourceTree = "<group>"; };
		1E060B221CC4E311009E1BBC /* wizhwishUITests.xctest */ = {isa = PBXFileReference; explicitFileType = wrapper.cfbundle; includeInIndex = 0; path = wizhwishUITests.xctest; sourceTree = BUILT_PRODUCTS_DIR; };
		1E060B261CC4E311009E1BBC /* wizhwishUITests.m */ = {isa = PBXFileReference; lastKnownFileType = sourcecode.c.objc; path = wizhwishUITests.m; sourceTree = "<group>"; };
		1E060B281CC4E311009E1BBC /* Info.plist */ = {isa = PBXFileReference; lastKnownFileType = text.plist.xml; path = Info.plist; sourceTree = "<group>"; };
		1E060B391CC4F134009E1BBC /* Constants.h */ = {isa = PBXFileReference; lastKnownFileType = sourcecode.c.h; path = Constants.h; sourceTree = "<group>"; };
		1E1887891CE1BF2C00B7F1D5 /* WZMyWishesTableViewCell.h */ = {isa = PBXFileReference; fileEncoding = 4; lastKnownFileType = sourcecode.c.h; name = WZMyWishesTableViewCell.h; path = Cells/WZMyWishesTableViewCell.h; sourceTree = "<group>"; };
		1E18878A1CE1BF2C00B7F1D5 /* WZMyWishesTableViewCell.m */ = {isa = PBXFileReference; fileEncoding = 4; lastKnownFileType = sourcecode.c.objc; name = WZMyWishesTableViewCell.m; path = Cells/WZMyWishesTableViewCell.m; sourceTree = "<group>"; };
		1E1CCB1B1D855EB600423904 /* Base */ = {isa = PBXFileReference; lastKnownFileType = file.storyboard; name = Base; path = Base.lproj/Media.storyboard; sourceTree = "<group>"; };
		1E1CCB1D1D85602E00423904 /* Media.xcassets */ = {isa = PBXFileReference; lastKnownFileType = folder.assetcatalog; name = Media.xcassets; path = Resources/Media.xcassets; sourceTree = "<group>"; };
		1E1CCB201D85629900423904 /* WVideoRecordViewController.h */ = {isa = PBXFileReference; fileEncoding = 4; lastKnownFileType = sourcecode.c.h; name = WVideoRecordViewController.h; path = ViewController/WVideoRecordViewController.h; sourceTree = "<group>"; };
		1E1CCB211D85629900423904 /* WVideoRecordViewController.m */ = {isa = PBXFileReference; fileEncoding = 4; lastKnownFileType = sourcecode.c.objc; name = WVideoRecordViewController.m; path = ViewController/WVideoRecordViewController.m; sourceTree = "<group>"; };
		1E271DAE1CE2097E00DB572F /* AVFoundation.framework */ = {isa = PBXFileReference; lastKnownFileType = wrapper.framework; name = AVFoundation.framework; path = System/Library/Frameworks/AVFoundation.framework; sourceTree = SDKROOT; };
		1E271DB01CE2133900DB572F /* AssetsLibrary.framework */ = {isa = PBXFileReference; lastKnownFileType = wrapper.framework; name = AssetsLibrary.framework; path = System/Library/Frameworks/AssetsLibrary.framework; sourceTree = SDKROOT; };
		1E271DB21CE2149500DB572F /* Photos.framework */ = {isa = PBXFileReference; lastKnownFileType = wrapper.framework; name = Photos.framework; path = System/Library/Frameworks/Photos.framework; sourceTree = SDKROOT; };
		1E2F0C111DB24E50002CF9AA /* WSetting.h */ = {isa = PBXFileReference; fileEncoding = 4; lastKnownFileType = sourcecode.c.h; name = WSetting.h; path = Utilities/WSetting.h; sourceTree = "<group>"; };
		1E2F0C121DB24E50002CF9AA /* WSetting.m */ = {isa = PBXFileReference; fileEncoding = 4; lastKnownFileType = sourcecode.c.objc; name = WSetting.m; path = Utilities/WSetting.m; sourceTree = "<group>"; };
		1E4276241CD914B00004A0F8 /* RUUtility.h */ = {isa = PBXFileReference; fileEncoding = 4; lastKnownFileType = sourcecode.c.h; name = RUUtility.h; path = Utilities/RUUtility.h; sourceTree = "<group>"; };
		1E4276251CD914B00004A0F8 /* RUUtility.m */ = {isa = PBXFileReference; fileEncoding = 4; lastKnownFileType = sourcecode.c.objc; name = RUUtility.m; path = Utilities/RUUtility.m; sourceTree = "<group>"; };
		1E4276271CD914D00004A0F8 /* WZPostTableViewCell.h */ = {isa = PBXFileReference; fileEncoding = 4; lastKnownFileType = sourcecode.c.h; name = WZPostTableViewCell.h; path = Cells/WZPostTableViewCell.h; sourceTree = "<group>"; };
		1E4276281CD914D00004A0F8 /* WZPostTableViewCell.m */ = {isa = PBXFileReference; fileEncoding = 4; lastKnownFileType = sourcecode.c.objc; name = WZPostTableViewCell.m; path = Cells/WZPostTableViewCell.m; sourceTree = "<group>"; };
		1E4276291CD914D00004A0F8 /* WZPostTopTableViewCell.h */ = {isa = PBXFileReference; fileEncoding = 4; lastKnownFileType = sourcecode.c.h; name = WZPostTopTableViewCell.h; path = Cells/WZPostTopTableViewCell.h; sourceTree = "<group>"; };
		1E42762A1CD914D00004A0F8 /* WZPostTopTableViewCell.m */ = {isa = PBXFileReference; fileEncoding = 4; lastKnownFileType = sourcecode.c.objc; name = WZPostTopTableViewCell.m; path = Cells/WZPostTopTableViewCell.m; sourceTree = "<group>"; };
		1E42762D1CD914E20004A0F8 /* WZFriendCollectionViewCell.h */ = {isa = PBXFileReference; fileEncoding = 4; lastKnownFileType = sourcecode.c.h; name = WZFriendCollectionViewCell.h; path = Cells/WZFriendCollectionViewCell.h; sourceTree = "<group>"; };
		1E42762E1CD914E20004A0F8 /* WZFriendCollectionViewCell.m */ = {isa = PBXFileReference; fileEncoding = 4; lastKnownFileType = sourcecode.c.objc; name = WZFriendCollectionViewCell.m; path = Cells/WZFriendCollectionViewCell.m; sourceTree = "<group>"; };
		1E4276301CD914F70004A0F8 /* UIViewController+Extras.h */ = {isa = PBXFileReference; fileEncoding = 4; lastKnownFileType = sourcecode.c.h; name = "UIViewController+Extras.h"; path = "Utilities/Categories/UIViewController+Extras.h"; sourceTree = "<group>"; };
		1E4276311CD914F70004A0F8 /* UIViewController+Extras.m */ = {isa = PBXFileReference; fileEncoding = 4; lastKnownFileType = sourcecode.c.objc; name = "UIViewController+Extras.m"; path = "Utilities/Categories/UIViewController+Extras.m"; sourceTree = "<group>"; };
		1E4276331CD915020004A0F8 /* UIView+Extras.h */ = {isa = PBXFileReference; fileEncoding = 4; lastKnownFileType = sourcecode.c.h; name = "UIView+Extras.h"; path = "Utilities/Categories/UIView+Extras.h"; sourceTree = "<group>"; };
		1E4276341CD915020004A0F8 /* UIView+Extras.m */ = {isa = PBXFileReference; fileEncoding = 4; lastKnownFileType = sourcecode.c.objc; name = "UIView+Extras.m"; path = "Utilities/Categories/UIView+Extras.m"; sourceTree = "<group>"; };
		1E4276361CD9150D0004A0F8 /* UIStoryboard+Extras.h */ = {isa = PBXFileReference; fileEncoding = 4; lastKnownFileType = sourcecode.c.h; name = "UIStoryboard+Extras.h"; path = "Utilities/Categories/UIStoryboard+Extras.h"; sourceTree = "<group>"; };
		1E4276371CD9150D0004A0F8 /* UIStoryboard+Extras.m */ = {isa = PBXFileReference; fileEncoding = 4; lastKnownFileType = sourcecode.c.objc; name = "UIStoryboard+Extras.m"; path = "Utilities/Categories/UIStoryboard+Extras.m"; sourceTree = "<group>"; };
		1E4276391CD9151A0004A0F8 /* UIImage+Extra.h */ = {isa = PBXFileReference; fileEncoding = 4; lastKnownFileType = sourcecode.c.h; name = "UIImage+Extra.h"; path = "Utilities/Categories/UIImage+Extra.h"; sourceTree = "<group>"; };
		1E42763A1CD9151A0004A0F8 /* UIImage+Extra.m */ = {isa = PBXFileReference; fileEncoding = 4; lastKnownFileType = sourcecode.c.objc; name = "UIImage+Extra.m"; path = "Utilities/Categories/UIImage+Extra.m"; sourceTree = "<group>"; };
		1E42763C1CD915270004A0F8 /* UIColor+Extras.h */ = {isa = PBXFileReference; fileEncoding = 4; lastKnownFileType = sourcecode.c.h; name = "UIColor+Extras.h"; path = "Utilities/Categories/UIColor+Extras.h"; sourceTree = "<group>"; };
		1E42763D1CD915270004A0F8 /* UIColor+Extras.m */ = {isa = PBXFileReference; fileEncoding = 4; lastKnownFileType = sourcecode.c.objc; name = "UIColor+Extras.m"; path = "Utilities/Categories/UIColor+Extras.m"; sourceTree = "<group>"; };
		1E42763F1CD915350004A0F8 /* OLGhostAlertView+Extras.h */ = {isa = PBXFileReference; fileEncoding = 4; lastKnownFileType = sourcecode.c.h; name = "OLGhostAlertView+Extras.h"; path = "Utilities/Categories/OLGhostAlertView+Extras.h"; sourceTree = "<group>"; };
		1E4276401CD915350004A0F8 /* OLGhostAlertView+Extras.m */ = {isa = PBXFileReference; fileEncoding = 4; lastKnownFileType = sourcecode.c.objc; name = "OLGhostAlertView+Extras.m"; path = "Utilities/Categories/OLGhostAlertView+Extras.m"; sourceTree = "<group>"; };
		1E4276421CD915430004A0F8 /* NSString+Extras.h */ = {isa = PBXFileReference; fileEncoding = 4; lastKnownFileType = sourcecode.c.h; name = "NSString+Extras.h"; path = "Utilities/Categories/NSString+Extras.h"; sourceTree = "<group>"; };
		1E4276431CD915430004A0F8 /* NSString+Extras.m */ = {isa = PBXFileReference; fileEncoding = 4; lastKnownFileType = sourcecode.c.objc; name = "NSString+Extras.m"; path = "Utilities/Categories/NSString+Extras.m"; sourceTree = "<group>"; };
		1E4276451CD915510004A0F8 /* NSError+Extras.h */ = {isa = PBXFileReference; fileEncoding = 4; lastKnownFileType = sourcecode.c.h; name = "NSError+Extras.h"; path = "Utilities/Categories/NSError+Extras.h"; sourceTree = "<group>"; };
		1E4276461CD915510004A0F8 /* NSError+Extras.m */ = {isa = PBXFileReference; fileEncoding = 4; lastKnownFileType = sourcecode.c.objc; name = "NSError+Extras.m"; path = "Utilities/Categories/NSError+Extras.m"; sourceTree = "<group>"; };
		1E4276481CD915650004A0F8 /* WZMyProfileViewController.h */ = {isa = PBXFileReference; fileEncoding = 4; lastKnownFileType = sourcecode.c.h; name = WZMyProfileViewController.h; path = ViewController/WZMyProfileViewController.h; sourceTree = "<group>"; };
		1E4276491CD915650004A0F8 /* WZMyProfileViewController.m */ = {isa = PBXFileReference; fileEncoding = 4; lastKnownFileType = sourcecode.c.objc; name = WZMyProfileViewController.m; path = ViewController/WZMyProfileViewController.m; sourceTree = "<group>"; };
		1E42764B1CD915720004A0F8 /* WZHomeViewController.h */ = {isa = PBXFileReference; fileEncoding = 4; lastKnownFileType = sourcecode.c.h; name = WZHomeViewController.h; path = ViewController/WZHomeViewController.h; sourceTree = "<group>"; };
		1E42764C1CD915720004A0F8 /* WZHomeViewController.m */ = {isa = PBXFileReference; fileEncoding = 4; lastKnownFileType = sourcecode.c.objc; name = WZHomeViewController.m; path = ViewController/WZHomeViewController.m; sourceTree = "<group>"; };
		1E42764E1CD915800004A0F8 /* WZRegistrationViewController.h */ = {isa = PBXFileReference; fileEncoding = 4; lastKnownFileType = sourcecode.c.h; name = WZRegistrationViewController.h; path = ViewController/WZRegistrationViewController.h; sourceTree = "<group>"; };
		1E42764F1CD915800004A0F8 /* WZRegistrationViewController.m */ = {isa = PBXFileReference; fileEncoding = 4; lastKnownFileType = sourcecode.c.objc; name = WZRegistrationViewController.m; path = ViewController/WZRegistrationViewController.m; sourceTree = "<group>"; };
		1E4276551CD915A20004A0F8 /* Base */ = {isa = PBXFileReference; lastKnownFileType = file.storyboard; name = Base; path = Base.lproj/home.storyboard; sourceTree = "<group>"; };
		1E4276571CD915B90004A0F8 /* Home.xcassets */ = {isa = PBXFileReference; lastKnownFileType = folder.assetcatalog; name = Home.xcassets; path = Resources/Home.xcassets; sourceTree = "<group>"; };
		1E4276591CD915C10004A0F8 /* Login.xcassets */ = {isa = PBXFileReference; lastKnownFileType = folder.assetcatalog; name = Login.xcassets; path = Resources/Login.xcassets; sourceTree = "<group>"; };
		1E42765C1CD917150004A0F8 /* WizWish.pch */ = {isa = PBXFileReference; fileEncoding = 4; lastKnownFileType = sourcecode.c.h; name = WizWish.pch; path = Resources/WizWish.pch; sourceTree = "<group>"; };
		1E4C57471E771C6F00687BF7 /* SCustomProgressView.h */ = {isa = PBXFileReference; fileEncoding = 4; lastKnownFileType = sourcecode.c.h; name = SCustomProgressView.h; path = "Utilities/Custom Views/SCustomProgressView.h"; sourceTree = "<group>"; };
		1E4C57481E771C6F00687BF7 /* SCustomProgressView.m */ = {isa = PBXFileReference; fileEncoding = 4; lastKnownFileType = sourcecode.c.objc; name = SCustomProgressView.m; path = "Utilities/Custom Views/SCustomProgressView.m"; sourceTree = "<group>"; };
		1E4C57891E791B0300687BF7 /* RUWebServiceParser.h */ = {isa = PBXFileReference; fileEncoding = 4; lastKnownFileType = sourcecode.c.h; name = RUWebServiceParser.h; path = Utilities/RUWebServiceParser.h; sourceTree = "<group>"; };
		1E4C578A1E791B0300687BF7 /* RUWebServiceParser.m */ = {isa = PBXFileReference; fileEncoding = 4; lastKnownFileType = sourcecode.c.objc; name = RUWebServiceParser.m; path = Utilities/RUWebServiceParser.m; sourceTree = "<group>"; };
		1E4C578D1E791EC400687BF7 /* WZServiceParser.h */ = {isa = PBXFileReference; fileEncoding = 4; lastKnownFileType = sourcecode.c.h; name = WZServiceParser.h; path = Utilities/ServicesParser/WZServiceParser.h; sourceTree = "<group>"; };
		1E4C578E1E791EC400687BF7 /* WZServiceParser.m */ = {isa = PBXFileReference; fileEncoding = 4; lastKnownFileType = sourcecode.c.objc; name = WZServiceParser.m; path = Utilities/ServicesParser/WZServiceParser.m; sourceTree = "<group>"; };
		1E4FD2181CFB170400612466 /* PHAGSPAB.TTF */ = {isa = PBXFileReference; lastKnownFileType = file; path = PHAGSPAB.TTF; sourceTree = "<group>"; };
		1E4FD2191CFB171800612466 /* PHAGSPA.TTF */ = {isa = PBXFileReference; lastKnownFileType = file; path = PHAGSPA.TTF; sourceTree = "<group>"; };
		1E4FD22C1CFB311500612466 /* JKSearchBar.h */ = {isa = PBXFileReference; fileEncoding = 4; lastKnownFileType = sourcecode.c.h; path = JKSearchBar.h; sourceTree = "<group>"; };
		1E4FD22D1CFB311500612466 /* JKSearchBar.m */ = {isa = PBXFileReference; fileEncoding = 4; lastKnownFileType = sourcecode.c.objc; path = JKSearchBar.m; sourceTree = "<group>"; };
		1E4FD2311CFB318500612466 /* JKPickerView.h */ = {isa = PBXFileReference; fileEncoding = 4; lastKnownFileType = sourcecode.c.h; path = JKPickerView.h; sourceTree = "<group>"; };
		1E4FD2321CFB318500612466 /* JKPickerView.m */ = {isa = PBXFileReference; fileEncoding = 4; lastKnownFileType = sourcecode.c.objc; path = JKPickerView.m; sourceTree = "<group>"; };
		1E5A1A421E6C6FFD003226A8 /* WTempVideoRecorderViewController.h */ = {isa = PBXFileReference; fileEncoding = 4; lastKnownFileType = sourcecode.c.h; name = WTempVideoRecorderViewController.h; path = ViewController/WTempVideoRecorderViewController.h; sourceTree = "<group>"; };
		1E5A1A431E6C6FFD003226A8 /* WTempVideoRecorderViewController.m */ = {isa = PBXFileReference; fileEncoding = 4; lastKnownFileType = sourcecode.c.objc; name = WTempVideoRecorderViewController.m; path = ViewController/WTempVideoRecorderViewController.m; sourceTree = "<group>"; };
		1E7208C41CD920780017188F /* Base */ = {isa = PBXFileReference; lastKnownFileType = file.storyboard; name = Base; path = Base.lproj/Profile.storyboard; sourceTree = "<group>"; };
		1E7208C61CD923740017188F /* WZProfileTableViewCell.h */ = {isa = PBXFileReference; fileEncoding = 4; lastKnownFileType = sourcecode.c.h; name = WZProfileTableViewCell.h; path = Cells/WZProfileTableViewCell.h; sourceTree = "<group>"; };
		1E7208C71CD923740017188F /* WZProfileTableViewCell.m */ = {isa = PBXFileReference; fileEncoding = 4; lastKnownFileType = sourcecode.c.objc; name = WZProfileTableViewCell.m; path = Cells/WZProfileTableViewCell.m; sourceTree = "<group>"; };
		1E7208C91CD924420017188F /* WZFollowerViewController.h */ = {isa = PBXFileReference; fileEncoding = 4; lastKnownFileType = sourcecode.c.h; name = WZFollowerViewController.h; path = ViewController/WZFollowerViewController.h; sourceTree = "<group>"; };
		1E7208CA1CD924420017188F /* WZFollowerViewController.m */ = {isa = PBXFileReference; fileEncoding = 4; lastKnownFileType = sourcecode.c.objc; name = WZFollowerViewController.m; path = ViewController/WZFollowerViewController.m; sourceTree = "<group>"; };
		1E8032911CDE67FD0010D036 /* Profile.xcassets */ = {isa = PBXFileReference; lastKnownFileType = folder.assetcatalog; name = Profile.xcassets; path = Resources/Profile.xcassets; sourceTree = "<group>"; };
		1E8032941CDF040D0010D036 /* UITextField+Extras.h */ = {isa = PBXFileReference; fileEncoding = 4; lastKnownFileType = sourcecode.c.h; name = "UITextField+Extras.h"; path = "Utilities/Categories/UITextField+Extras.h"; sourceTree = "<group>"; };
		1E8032951CDF040D0010D036 /* UITextField+Extras.m */ = {isa = PBXFileReference; fileEncoding = 4; lastKnownFileType = sourcecode.c.objc; name = "UITextField+Extras.m"; path = "Utilities/Categories/UITextField+Extras.m"; sourceTree = "<group>"; };
		1E8032971CDF0BE30010D036 /* WZMyWishesViewController.h */ = {isa = PBXFileReference; fileEncoding = 4; lastKnownFileType = sourcecode.c.h; name = WZMyWishesViewController.h; path = ViewController/WZMyWishesViewController.h; sourceTree = "<group>"; };
		1E8032981CDF0BE30010D036 /* WZMyWishesViewController.m */ = {isa = PBXFileReference; fileEncoding = 4; lastKnownFileType = sourcecode.c.objc; name = WZMyWishesViewController.m; path = ViewController/WZMyWishesViewController.m; sourceTree = "<group>"; };
		1E8717E41CE879410062EFE9 /* Base */ = {isa = PBXFileReference; lastKnownFileType = file.storyboard; name = Base; path = Base.lproj/Chat.storyboard; sourceTree = "<group>"; };
		1E8717E61CE8A19F0062EFE9 /* Chat.xcassets */ = {isa = PBXFileReference; lastKnownFileType = folder.assetcatalog; name = Chat.xcassets; path = Resources/Chat.xcassets; sourceTree = "<group>"; };
		1E8717E91CE8A8BC0062EFE9 /* WZChatViewController.h */ = {isa = PBXFileReference; fileEncoding = 4; lastKnownFileType = sourcecode.c.h; name = WZChatViewController.h; path = ViewController/WZChatViewController.h; sourceTree = "<group>"; };
		1E8717EA1CE8A8BC0062EFE9 /* WZChatViewController.m */ = {isa = PBXFileReference; fileEncoding = 4; lastKnownFileType = sourcecode.c.objc; name = WZChatViewController.m; path = ViewController/WZChatViewController.m; sourceTree = "<group>"; };
		1E8717EC1CE8B0B70062EFE9 /* WZEmptySegue.h */ = {isa = PBXFileReference; fileEncoding = 4; lastKnownFileType = sourcecode.c.h; name = WZEmptySegue.h; path = Utilities/Segue/WZEmptySegue.h; sourceTree = "<group>"; };
		1E8717ED1CE8B0B70062EFE9 /* WZEmptySegue.m */ = {isa = PBXFileReference; fileEncoding = 4; lastKnownFileType = sourcecode.c.objc; name = WZEmptySegue.m; path = Utilities/Segue/WZEmptySegue.m; sourceTree = "<group>"; };
		1E8717F11CE8B2650062EFE9 /* WZContainerViewController.h */ = {isa = PBXFileReference; fileEncoding = 4; lastKnownFileType = sourcecode.c.h; name = WZContainerViewController.h; path = ViewController/WZContainerViewController.h; sourceTree = "<group>"; };
		1E8717F21CE8B2650062EFE9 /* WZContainerViewController.m */ = {isa = PBXFileReference; fileEncoding = 4; lastKnownFileType = sourcecode.c.objc; name = WZContainerViewController.m; path = ViewController/WZContainerViewController.m; sourceTree = "<group>"; };
		1E8717F61CE8B4B60062EFE9 /* WZChatListViewController.h */ = {isa = PBXFileReference; fileEncoding = 4; lastKnownFileType = sourcecode.c.h; name = WZChatListViewController.h; path = ViewController/WZChatListViewController.h; sourceTree = "<group>"; };
		1E8717F71CE8B4B60062EFE9 /* WZChatListViewController.m */ = {isa = PBXFileReference; fileEncoding = 4; lastKnownFileType = sourcecode.c.objc; name = WZChatListViewController.m; path = ViewController/WZChatListViewController.m; sourceTree = "<group>"; };
		1E8717FC1CE8BDCA0062EFE9 /* WZNewFriendViewController.h */ = {isa = PBXFileReference; fileEncoding = 4; lastKnownFileType = sourcecode.c.h; name = WZNewFriendViewController.h; path = ViewController/WZNewFriendViewController.h; sourceTree = "<group>"; };
		1E8717FD1CE8BDCA0062EFE9 /* WZNewFriendViewController.m */ = {isa = PBXFileReference; fileEncoding = 4; lastKnownFileType = sourcecode.c.objc; name = WZNewFriendViewController.m; path = ViewController/WZNewFriendViewController.m; sourceTree = "<group>"; };
		1E9728B81D43A611003EA877 /* WPostView.h */ = {isa = PBXFileReference; fileEncoding = 4; lastKnownFileType = sourcecode.c.h; name = WPostView.h; path = "Utilities/Custom Views/WPostView.h"; sourceTree = "<group>"; };
		1E9728B91D43A611003EA877 /* WPostView.m */ = {isa = PBXFileReference; fileEncoding = 4; lastKnownFileType = sourcecode.c.objc; name = WPostView.m; path = "Utilities/Custom Views/WPostView.m"; sourceTree = "<group>"; };
		1E9728BA1D43A611003EA877 /* WPostView.xib */ = {isa = PBXFileReference; fileEncoding = 4; lastKnownFileType = file.xib; name = WPostView.xib; path = "Utilities/Custom Views/WPostView.xib"; sourceTree = "<group>"; };
		1EA47E321D043C6600794973 /* WZMyPostTableViewCell.h */ = {isa = PBXFileReference; fileEncoding = 4; lastKnownFileType = sourcecode.c.h; name = WZMyPostTableViewCell.h; path = Cells/WZMyPostTableViewCell.h; sourceTree = "<group>"; };
		1EA47E331D043C6600794973 /* WZMyPostTableViewCell.m */ = {isa = PBXFileReference; fileEncoding = 4; lastKnownFileType = sourcecode.c.objc; name = WZMyPostTableViewCell.m; path = Cells/WZMyPostTableViewCell.m; sourceTree = "<group>"; };
		1EAC13B31E618BE8002A6FDE /* LoginViewController.h */ = {isa = PBXFileReference; fileEncoding = 4; lastKnownFileType = sourcecode.c.h; name = LoginViewController.h; path = ViewController/LoginViewController.h; sourceTree = "<group>"; };
		1EAC13B41E618BE8002A6FDE /* LoginViewController.m */ = {isa = PBXFileReference; fileEncoding = 4; lastKnownFileType = sourcecode.c.objc; name = LoginViewController.m; path = ViewController/LoginViewController.m; sourceTree = "<group>"; };
		1EAE523F1E4F701C007DC15D /* WTextViewController.h */ = {isa = PBXFileReference; fileEncoding = 4; lastKnownFileType = sourcecode.c.h; name = WTextViewController.h; path = ViewController/WTextViewController.h; sourceTree = "<group>"; };
		1EAE52401E4F701C007DC15D /* WTextViewController.m */ = {isa = PBXFileReference; fileEncoding = 4; lastKnownFileType = sourcecode.c.objc; name = WTextViewController.m; path = ViewController/WTextViewController.m; sourceTree = "<group>"; };
		1EB5F3F51E813BC600352A36 /* MBCircularProgressBarLayer.h */ = {isa = PBXFileReference; fileEncoding = 4; lastKnownFileType = sourcecode.c.h; path = MBCircularProgressBarLayer.h; sourceTree = "<group>"; };
		1EB5F3F61E813BC600352A36 /* MBCircularProgressBarLayer.m */ = {isa = PBXFileReference; fileEncoding = 4; lastKnownFileType = sourcecode.c.objc; path = MBCircularProgressBarLayer.m; sourceTree = "<group>"; };
		1EB5F3F71E813BC600352A36 /* MBCircularProgressBarView.h */ = {isa = PBXFileReference; fileEncoding = 4; lastKnownFileType = sourcecode.c.h; path = MBCircularProgressBarView.h; sourceTree = "<group>"; };
		1EB5F3F81E813BC600352A36 /* MBCircularProgressBarView.m */ = {isa = PBXFileReference; fileEncoding = 4; lastKnownFileType = sourcecode.c.objc; path = MBCircularProgressBarView.m; sourceTree = "<group>"; };
		1EC05A021E60A0BF007026C3 /* Background.mp4 */ = {isa = PBXFileReference; lastKnownFileType = file; path = Background.mp4; sourceTree = "<group>"; };
		1ED143121E41EE9C008045CA /* WPhotoEditViewController.h */ = {isa = PBXFileReference; fileEncoding = 4; lastKnownFileType = sourcecode.c.h; name = WPhotoEditViewController.h; path = ViewController/WPhotoEditViewController.h; sourceTree = "<group>"; };
		1ED143131E41EE9C008045CA /* WPhotoEditViewController.m */ = {isa = PBXFileReference; fileEncoding = 4; lastKnownFileType = sourcecode.c.objc; name = WPhotoEditViewController.m; path = ViewController/WPhotoEditViewController.m; sourceTree = "<group>"; };
		1ED6C7221CE4E2630042D3F6 /* WZPostsViewController.h */ = {isa = PBXFileReference; fileEncoding = 4; lastKnownFileType = sourcecode.c.h; name = WZPostsViewController.h; path = ViewController/WZPostsViewController.h; sourceTree = "<group>"; };
		1ED6C7231CE4E2630042D3F6 /* WZPostsViewController.m */ = {isa = PBXFileReference; fileEncoding = 4; lastKnownFileType = sourcecode.c.objc; name = WZPostsViewController.m; path = ViewController/WZPostsViewController.m; sourceTree = "<group>"; };
		1ED942A11DFC682000BEF8AC /* WPhotoViewController.h */ = {isa = PBXFileReference; fileEncoding = 4; lastKnownFileType = sourcecode.c.h; name = WPhotoViewController.h; path = ViewController/WPhotoViewController.h; sourceTree = "<group>"; };
		1ED942A21DFC682000BEF8AC /* WPhotoViewController.m */ = {isa = PBXFileReference; fileEncoding = 4; lastKnownFileType = sourcecode.c.objc; name = WPhotoViewController.m; path = ViewController/WPhotoViewController.m; sourceTree = "<group>"; };
		1EE2666F1E85324300ECE867 /* WZPost.h */ = {isa = PBXFileReference; fileEncoding = 4; lastKnownFileType = sourcecode.c.h; name = WZPost.h; path = Models/WZPost.h; sourceTree = "<group>"; };
		1EE266701E85324300ECE867 /* WZPost.m */ = {isa = PBXFileReference; fileEncoding = 4; lastKnownFileType = sourcecode.c.objc; name = WZPost.m; path = Models/WZPost.m; sourceTree = "<group>"; };
		1EE266731E85331E00ECE867 /* WZComments.h */ = {isa = PBXFileReference; fileEncoding = 4; lastKnownFileType = sourcecode.c.h; name = WZComments.h; path = Models/WZComments.h; sourceTree = "<group>"; };
		1EE266741E85331E00ECE867 /* WZComments.m */ = {isa = PBXFileReference; fileEncoding = 4; lastKnownFileType = sourcecode.c.objc; name = WZComments.m; path = Models/WZComments.m; sourceTree = "<group>"; };
		1EE266771E8538B000ECE867 /* NSDate+Extras.h */ = {isa = PBXFileReference; fileEncoding = 4; lastKnownFileType = sourcecode.c.h; name = "NSDate+Extras.h"; path = "Utilities/Categories/NSDate+Extras.h"; sourceTree = "<group>"; };
		1EE266781E8538B000ECE867 /* NSDate+Extras.m */ = {isa = PBXFileReference; fileEncoding = 4; lastKnownFileType = sourcecode.c.objc; name = "NSDate+Extras.m"; path = "Utilities/Categories/NSDate+Extras.m"; sourceTree = "<group>"; };
		1EE33E961E6F44390012248A /* NSURL+SCSaveToCameraRoll.h */ = {isa = PBXFileReference; fileEncoding = 4; lastKnownFileType = sourcecode.c.h; path = "NSURL+SCSaveToCameraRoll.h"; sourceTree = "<group>"; };
		1EE33E971E6F44390012248A /* NSURL+SCSaveToCameraRoll.m */ = {isa = PBXFileReference; fileEncoding = 4; lastKnownFileType = sourcecode.c.objc; path = "NSURL+SCSaveToCameraRoll.m"; sourceTree = "<group>"; };
		1EEDCCAB1DB507F300DBB363 /* UIImage+Filtrr.h */ = {isa = PBXFileReference; fileEncoding = 4; lastKnownFileType = sourcecode.c.h; path = "UIImage+Filtrr.h"; sourceTree = "<group>"; };
		1EEDCCAC1DB507F300DBB363 /* UIImage+Filtrr.m */ = {isa = PBXFileReference; fileEncoding = 4; lastKnownFileType = sourcecode.c.objc; path = "UIImage+Filtrr.m"; sourceTree = "<group>"; };
		1EEDCCAD1DB507F300DBB363 /* UIImage+FiltrrCompositions.h */ = {isa = PBXFileReference; fileEncoding = 4; lastKnownFileType = sourcecode.c.h; path = "UIImage+FiltrrCompositions.h"; sourceTree = "<group>"; };
		1EEDCCAE1DB507F300DBB363 /* UIImage+FiltrrCompositions.m */ = {isa = PBXFileReference; fileEncoding = 4; lastKnownFileType = sourcecode.c.objc; path = "UIImage+FiltrrCompositions.m"; sourceTree = "<group>"; };
		1EEDCCAF1DB507F300DBB363 /* UIImage+Scale.h */ = {isa = PBXFileReference; fileEncoding = 4; lastKnownFileType = sourcecode.c.h; path = "UIImage+Scale.h"; sourceTree = "<group>"; };
		1EEDCCB01DB507F300DBB363 /* UIImage+Scale.m */ = {isa = PBXFileReference; fileEncoding = 4; lastKnownFileType = sourcecode.c.objc; path = "UIImage+Scale.m"; sourceTree = "<group>"; };
		1EFC87211E4C94630045C801 /* WRecordAudioViewController.h */ = {isa = PBXFileReference; fileEncoding = 4; lastKnownFileType = sourcecode.c.h; name = WRecordAudioViewController.h; path = ViewController/WRecordAudioViewController.h; sourceTree = "<group>"; };
		1EFC87221E4C94630045C801 /* WRecordAudioViewController.m */ = {isa = PBXFileReference; fileEncoding = 4; lastKnownFileType = sourcecode.c.objc; name = WRecordAudioViewController.m; path = ViewController/WRecordAudioViewController.m; sourceTree = "<group>"; };
		1EFD83E01DB908AB00E119F3 /* MobileCoreServices.framework */ = {isa = PBXFileReference; lastKnownFileType = wrapper.framework; name = MobileCoreServices.framework; path = System/Library/Frameworks/MobileCoreServices.framework; sourceTree = SDKROOT; };
		554DF7009B71954A51CB9DDB /* Pods-wizhwish.debug.xcconfig */ = {isa = PBXFileReference; includeInIndex = 1; lastKnownFileType = text.xcconfig; name = "Pods-wizhwish.debug.xcconfig"; path = "Pods/Target Support Files/Pods-wizhwish/Pods-wizhwish.debug.xcconfig"; sourceTree = "<group>"; };
		563F3FCFC300ECDE76957AE1 /* Pods-wizhwishUITests.debug.xcconfig */ = {isa = PBXFileReference; includeInIndex = 1; lastKnownFileType = text.xcconfig; name = "Pods-wizhwishUITests.debug.xcconfig"; path = "Pods/Target Support Files/Pods-wizhwishUITests/Pods-wizhwishUITests.debug.xcconfig"; sourceTree = "<group>"; };
		667A28FAD5B6F09A608861CC /* Pods-wizhwishUITests.release.xcconfig */ = {isa = PBXFileReference; includeInIndex = 1; lastKnownFileType = text.xcconfig; name = "Pods-wizhwishUITests.release.xcconfig"; path = "Pods/Target Support Files/Pods-wizhwishUITests/Pods-wizhwishUITests.release.xcconfig"; sourceTree = "<group>"; };
		66DC7C9BE2CC4D5C8692AB89 /* Pods-wizhwish.release.xcconfig */ = {isa = PBXFileReference; includeInIndex = 1; lastKnownFileType = text.xcconfig; name = "Pods-wizhwish.release.xcconfig"; path = "Pods/Target Support Files/Pods-wizhwish/Pods-wizhwish.release.xcconfig"; sourceTree = "<group>"; };
		A9707B569995A241F8132BD0 /* Pods-wizhwishTests.debug.xcconfig */ = {isa = PBXFileReference; includeInIndex = 1; lastKnownFileType = text.xcconfig; name = "Pods-wizhwishTests.debug.xcconfig"; path = "Pods/Target Support Files/Pods-wizhwishTests/Pods-wizhwishTests.debug.xcconfig"; sourceTree = "<group>"; };
		AC095F7D0EE119FB8A0B7F8C /* libPods-wizhwishUITests.a */ = {isa = PBXFileReference; explicitFileType = archive.ar; includeInIndex = 0; path = "libPods-wizhwishUITests.a"; sourceTree = BUILT_PRODUCTS_DIR; };
		BA6D9722E13F80BB42ACA090 /* Pods-wizhwishTests.release.xcconfig */ = {isa = PBXFileReference; includeInIndex = 1; lastKnownFileType = text.xcconfig; name = "Pods-wizhwishTests.release.xcconfig"; path = "Pods/Target Support Files/Pods-wizhwishTests/Pods-wizhwishTests.release.xcconfig"; sourceTree = "<group>"; };
		CEE259F91320EACE61E495C4 /* libPods-wizhwish.a */ = {isa = PBXFileReference; explicitFileType = archive.ar; includeInIndex = 0; path = "libPods-wizhwish.a"; sourceTree = BUILT_PRODUCTS_DIR; };
		FABF292CDED638013DF25DF6 /* libPods-wizhwishTests.a */ = {isa = PBXFileReference; explicitFileType = archive.ar; includeInIndex = 0; path = "libPods-wizhwishTests.a"; sourceTree = BUILT_PRODUCTS_DIR; };
/* End PBXFileReference section */

/* Begin PBXFrameworksBuildPhase section */
		1E060AFB1CC4E311009E1BBC /* Frameworks */ = {
			isa = PBXFrameworksBuildPhase;
			buildActionMask = 2147483647;
			files = (
				1EFD83E11DB908AB00E119F3 /* MobileCoreServices.framework in Frameworks */,
				1E271DB31CE2149500DB572F /* Photos.framework in Frameworks */,
				1E271DAF1CE2097E00DB572F /* AVFoundation.framework in Frameworks */,
				7286E6EE93A8F26B6561CD26 /* libPods-wizhwish.a in Frameworks */,
			);
			runOnlyForDeploymentPostprocessing = 0;
		};
		1E060B141CC4E311009E1BBC /* Frameworks */ = {
			isa = PBXFrameworksBuildPhase;
			buildActionMask = 2147483647;
			files = (
				4605804C1CB8D499EF70D28D /* libPods-wizhwishTests.a in Frameworks */,
			);
			runOnlyForDeploymentPostprocessing = 0;
		};
		1E060B1F1CC4E311009E1BBC /* Frameworks */ = {
			isa = PBXFrameworksBuildPhase;
			buildActionMask = 2147483647;
			files = (
				7080276E80C0C097FF8CACF7 /* libPods-wizhwishUITests.a in Frameworks */,
			);
			runOnlyForDeploymentPostprocessing = 0;
		};
/* End PBXFrameworksBuildPhase section */

/* Begin PBXGroup section */
		1E00D5461E598B2800AC3E95 /* WishViewController */ = {
			isa = PBXGroup;
			children = (
				1E00D5471E598B5100AC3E95 /* WWishBoardViewController.h */,
				1E00D5481E598B5100AC3E95 /* WWishBoardViewController.m */,
				1E00D54A1E599AF900AC3E95 /* WGiftViewController.h */,
				1E00D54B1E599AF900AC3E95 /* WGiftViewController.m */,
				1E00D54D1E59CEA300AC3E95 /* WWishListViewController.h */,
				1E00D54E1E59CEA300AC3E95 /* WWishListViewController.m */,
				1E00D5501E59D6B400AC3E95 /* WWishToViewController.h */,
				1E00D5511E59D6B400AC3E95 /* WWishToViewController.m */,
			);
			name = WishViewController;
			sourceTree = "<group>";
		};
		1E010B221E509258004AF3B9 /* WhizViewController */ = {
			isa = PBXGroup;
			children = (
				1E010B231E509277004AF3B9 /* WWizhViewController.h */,
				1E010B241E509277004AF3B9 /* WWizhViewController.m */,
			);
			name = WhizViewController;
			sourceTree = "<group>";
		};
		1E060AF51CC4E311009E1BBC = {
			isa = PBXGroup;
			children = (
				1E060B001CC4E311009E1BBC /* wizhwish */,
				1E060B1A1CC4E311009E1BBC /* wizhwishTests */,
				1E060B251CC4E311009E1BBC /* wizhwishUITests */,
				1E060AFF1CC4E311009E1BBC /* Products */,
				B9C0C3AF17009FB9A1BCA61D /* Frameworks */,
				26E33D2ADAF34A36C4127475 /* Pods */,
			);
			sourceTree = "<group>";
		};
		1E060AFF1CC4E311009E1BBC /* Products */ = {
			isa = PBXGroup;
			children = (
				1E060AFE1CC4E311009E1BBC /* wizhwish.app */,
				1E060B171CC4E311009E1BBC /* wizhwishTests.xctest */,
				1E060B221CC4E311009E1BBC /* wizhwishUITests.xctest */,
			);
			name = Products;
			sourceTree = "<group>";
		};
		1E060B001CC4E311009E1BBC /* wizhwish */ = {
			isa = PBXGroup;
			children = (
				1EE2666E1E85321600ECE867 /* Models */,
				1EC05A011E60A0AF007026C3 /* Video */,
				1E4FD21C1CFB2E9600612466 /* Custom Search View */,
				1E060B391CC4F134009E1BBC /* Constants.h */,
				1E060B041CC4E311009E1BBC /* AppDelegate.h */,
				1E060B051CC4E311009E1BBC /* AppDelegate.m */,
				1E14322D1CC781CC004682B6 /* Utilities */,
				1E060B341CC4F098009E1BBC /* ViewController */,
				1E906D871CC7698100A45B9A /* Storyboard */,
				1E060B0F1CC4E311009E1BBC /* LaunchScreen.storyboard */,
				1E060B011CC4E311009E1BBC /* Supporting Files */,
			);
			path = wizhwish;
			sourceTree = "<group>";
		};
		1E060B011CC4E311009E1BBC /* Supporting Files */ = {
			isa = PBXGroup;
			children = (
				1E4FD2131CFAE32900612466 /* Fonts */,
				1E42765C1CD917150004A0F8 /* WizWish.pch */,
				1E4276591CD915C10004A0F8 /* Login.xcassets */,
				1E8032911CDE67FD0010D036 /* Profile.xcassets */,
				1E8717E61CE8A19F0062EFE9 /* Chat.xcassets */,
				1E4276571CD915B90004A0F8 /* Home.xcassets */,
				1E1CCB1D1D85602E00423904 /* Media.xcassets */,
				1E060B021CC4E311009E1BBC /* main.m */,
				1E060B121CC4E311009E1BBC /* Info.plist */,
			);
			name = "Supporting Files";
			sourceTree = "<group>";
		};
		1E060B1A1CC4E311009E1BBC /* wizhwishTests */ = {
			isa = PBXGroup;
			children = (
				1E060B1B1CC4E311009E1BBC /* wizhwishTests.m */,
				1E060B1D1CC4E311009E1BBC /* Info.plist */,
			);
			path = wizhwishTests;
			sourceTree = "<group>";
		};
		1E060B251CC4E311009E1BBC /* wizhwishUITests */ = {
			isa = PBXGroup;
			children = (
				1E060B261CC4E311009E1BBC /* wizhwishUITests.m */,
				1E060B281CC4E311009E1BBC /* Info.plist */,
			);
			path = wizhwishUITests;
			sourceTree = "<group>";
		};
		1E060B341CC4F098009E1BBC /* ViewController */ = {
			isa = PBXGroup;
			children = (
				1E00D5461E598B2800AC3E95 /* WishViewController */,
				1E010B221E509258004AF3B9 /* WhizViewController */,
				1EAE52421E4F70FB007DC15D /* TextViewController */,
				1EFC87201E4C941F0045C801 /* RecordViewController */,
				1ED942A01DFC67FF00BEF8AC /* PhotoViewController */,
				1E1CCB1F1D85627700423904 /* VideoRecordingController */,
				1E8717F01CE8B1FD0062EFE9 /* ContainerViewController */,
				1E8717E81CE8A8970062EFE9 /* ChatViewController */,
				1ED6C7211CE4E22D0042D3F6 /* PostsViewController */,
				1ED6C7201CE315100042D3F6 /* MyWishesViewController */,
				1E8032901CDE61B80010D036 /* FollowerViewController */,
				1EDF8D151CD87DB700F4B3F1 /* ProfileViewController */,
				1E1432521CC78898004682B6 /* HomeViewController */,
				1E906D821CC7653600A45B9A /* RegistrationViewController */,
				1E060B351CC4F0A7009E1BBC /* LoginViewController */,
			);
			name = ViewController;
			sourceTree = "<group>";
		};
		1E060B351CC4F0A7009E1BBC /* LoginViewController */ = {
			isa = PBXGroup;
			children = (
				1EAC13B31E618BE8002A6FDE /* LoginViewController.h */,
				1EAC13B41E618BE8002A6FDE /* LoginViewController.m */,
			);
			name = LoginViewController;
			sourceTree = "<group>";
		};
		1E14322D1CC781CC004682B6 /* Utilities */ = {
			isa = PBXGroup;
			children = (
				1E4C578C1E791E9E00687BF7 /* ServiceParser */,
				1E4C57881E791AA800687BF7 /* WebCalls */,
				1EEDCCAA1DB507E600DBB363 /* Filter */,
				1E2F0C101DB24E1D002CF9AA /* Settings */,
				1E9728B71D43A5CE003EA877 /* Views */,
				1E8717EF1CE8B0C40062EFE9 /* Segue */,
				1E4276241CD914B00004A0F8 /* RUUtility.h */,
				1E4276251CD914B00004A0F8 /* RUUtility.m */,
				1E9191181CC8AB1500E2B762 /* Custom Cell */,
				1E1432311CC782B8004682B6 /* Categories */,
			);
			name = Utilities;
			sourceTree = "<group>";
		};
		1E1432311CC782B8004682B6 /* Categories */ = {
			isa = PBXGroup;
			children = (
				1EE266761E85385E00ECE867 /* NSDate */,
				1EE33E951E6F44290012248A /* NSURL */,
				1E8032931CDF03BE0010D036 /* UITextField */,
				1E1432511CC78356004682B6 /* UIViewController */,
				1E1432501CC7834F004682B6 /* UIView */,
				1E14324F1CC78346004682B6 /* UIStoryBoard */,
				1E14324E1CC7833E004682B6 /* UIImage */,
				1E14324D1CC78331004682B6 /* UIColor */,
				1E14324C1CC78321004682B6 /* OLGhostView */,
				1E14324B1CC78313004682B6 /* NSString */,
				1E14324A1CC78305004682B6 /* NSError */,
			);
			name = Categories;
			sourceTree = "<group>";
		};
		1E14324A1CC78305004682B6 /* NSError */ = {
			isa = PBXGroup;
			children = (
				1E4276451CD915510004A0F8 /* NSError+Extras.h */,
				1E4276461CD915510004A0F8 /* NSError+Extras.m */,
			);
			name = NSError;
			sourceTree = "<group>";
		};
		1E14324B1CC78313004682B6 /* NSString */ = {
			isa = PBXGroup;
			children = (
				1E4276421CD915430004A0F8 /* NSString+Extras.h */,
				1E4276431CD915430004A0F8 /* NSString+Extras.m */,
			);
			name = NSString;
			sourceTree = "<group>";
		};
		1E14324C1CC78321004682B6 /* OLGhostView */ = {
			isa = PBXGroup;
			children = (
				1E42763F1CD915350004A0F8 /* OLGhostAlertView+Extras.h */,
				1E4276401CD915350004A0F8 /* OLGhostAlertView+Extras.m */,
			);
			name = OLGhostView;
			sourceTree = "<group>";
		};
		1E14324D1CC78331004682B6 /* UIColor */ = {
			isa = PBXGroup;
			children = (
				1E42763C1CD915270004A0F8 /* UIColor+Extras.h */,
				1E42763D1CD915270004A0F8 /* UIColor+Extras.m */,
			);
			name = UIColor;
			sourceTree = "<group>";
		};
		1E14324E1CC7833E004682B6 /* UIImage */ = {
			isa = PBXGroup;
			children = (
				1E4276391CD9151A0004A0F8 /* UIImage+Extra.h */,
				1E42763A1CD9151A0004A0F8 /* UIImage+Extra.m */,
			);
			name = UIImage;
			sourceTree = "<group>";
		};
		1E14324F1CC78346004682B6 /* UIStoryBoard */ = {
			isa = PBXGroup;
			children = (
				1E4276361CD9150D0004A0F8 /* UIStoryboard+Extras.h */,
				1E4276371CD9150D0004A0F8 /* UIStoryboard+Extras.m */,
			);
			name = UIStoryBoard;
			sourceTree = "<group>";
		};
		1E1432501CC7834F004682B6 /* UIView */ = {
			isa = PBXGroup;
			children = (
				1E4276331CD915020004A0F8 /* UIView+Extras.h */,
				1E4276341CD915020004A0F8 /* UIView+Extras.m */,
			);
			name = UIView;
			sourceTree = "<group>";
		};
		1E1432511CC78356004682B6 /* UIViewController */ = {
			isa = PBXGroup;
			children = (
				1E4276301CD914F70004A0F8 /* UIViewController+Extras.h */,
				1E4276311CD914F70004A0F8 /* UIViewController+Extras.m */,
			);
			name = UIViewController;
			sourceTree = "<group>";
		};
		1E1432521CC78898004682B6 /* HomeViewController */ = {
			isa = PBXGroup;
			children = (
				1E42764B1CD915720004A0F8 /* WZHomeViewController.h */,
				1E42764C1CD915720004A0F8 /* WZHomeViewController.m */,
				1E00D5531E59DB8700AC3E95 /* WCommentsViewController.h */,
				1E00D5541E59DB8700AC3E95 /* WCommentsViewController.m */,
				1E00D5561E59E43E00AC3E95 /* WProfileViewController.h */,
				1E00D5571E59E43E00AC3E95 /* WProfileViewController.m */,
			);
			name = HomeViewController;
			sourceTree = "<group>";
		};
		1E1CCB1F1D85627700423904 /* VideoRecordingController */ = {
			isa = PBXGroup;
			children = (
				1E1CCB201D85629900423904 /* WVideoRecordViewController.h */,
				1E1CCB211D85629900423904 /* WVideoRecordViewController.m */,
				1E5A1A421E6C6FFD003226A8 /* WTempVideoRecorderViewController.h */,
				1E5A1A431E6C6FFD003226A8 /* WTempVideoRecorderViewController.m */,
			);
			name = VideoRecordingController;
			sourceTree = "<group>";
		};
		1E2F0C101DB24E1D002CF9AA /* Settings */ = {
			isa = PBXGroup;
			children = (
				1E2F0C111DB24E50002CF9AA /* WSetting.h */,
				1E2F0C121DB24E50002CF9AA /* WSetting.m */,
			);
			name = Settings;
			sourceTree = "<group>";
		};
		1E4C57881E791AA800687BF7 /* WebCalls */ = {
			isa = PBXGroup;
			children = (
				1E4C57891E791B0300687BF7 /* RUWebServiceParser.h */,
				1E4C578A1E791B0300687BF7 /* RUWebServiceParser.m */,
			);
			name = WebCalls;
			sourceTree = "<group>";
		};
		1E4C578C1E791E9E00687BF7 /* ServiceParser */ = {
			isa = PBXGroup;
			children = (
				1E4C578D1E791EC400687BF7 /* WZServiceParser.h */,
				1E4C578E1E791EC400687BF7 /* WZServiceParser.m */,
			);
			name = ServiceParser;
			sourceTree = "<group>";
		};
		1E4FD2131CFAE32900612466 /* Fonts */ = {
			isa = PBXGroup;
			children = (
				1E4FD2191CFB171800612466 /* PHAGSPA.TTF */,
				1E4FD2181CFB170400612466 /* PHAGSPAB.TTF */,
			);
			name = Fonts;
			sourceTree = "<group>";
		};
		1E4FD21C1CFB2E9600612466 /* Custom Search View */ = {
			isa = PBXGroup;
			children = (
				1E4FD22B1CFB311500612466 /* JKSearchBar */,
			);
			name = "Custom Search View";
			sourceTree = "<group>";
		};
		1E4FD22B1CFB311500612466 /* JKSearchBar */ = {
			isa = PBXGroup;
			children = (
				1E4FD2311CFB318500612466 /* JKPickerView.h */,
				1E4FD2321CFB318500612466 /* JKPickerView.m */,
				1E4FD22C1CFB311500612466 /* JKSearchBar.h */,
				1E4FD22D1CFB311500612466 /* JKSearchBar.m */,
			);
			name = JKSearchBar;
			path = "Custom Search/JKSearchBar";
			sourceTree = "<group>";
		};
		1E8032901CDE61B80010D036 /* FollowerViewController */ = {
			isa = PBXGroup;
			children = (
				1E7208C91CD924420017188F /* WZFollowerViewController.h */,
				1E7208CA1CD924420017188F /* WZFollowerViewController.m */,
			);
			name = FollowerViewController;
			sourceTree = "<group>";
		};
		1E8032931CDF03BE0010D036 /* UITextField */ = {
			isa = PBXGroup;
			children = (
				1E8032941CDF040D0010D036 /* UITextField+Extras.h */,
				1E8032951CDF040D0010D036 /* UITextField+Extras.m */,
			);
			name = UITextField;
			sourceTree = "<group>";
		};
		1E8717E81CE8A8970062EFE9 /* ChatViewController */ = {
			isa = PBXGroup;
			children = (
				1E8717E91CE8A8BC0062EFE9 /* WZChatViewController.h */,
				1E8717EA1CE8A8BC0062EFE9 /* WZChatViewController.m */,
				1E8717F61CE8B4B60062EFE9 /* WZChatListViewController.h */,
				1E8717F71CE8B4B60062EFE9 /* WZChatListViewController.m */,
				1E8717FC1CE8BDCA0062EFE9 /* WZNewFriendViewController.h */,
				1E8717FD1CE8BDCA0062EFE9 /* WZNewFriendViewController.m */,
			);
			name = ChatViewController;
			sourceTree = "<group>";
		};
		1E8717EF1CE8B0C40062EFE9 /* Segue */ = {
			isa = PBXGroup;
			children = (
				1E8717EC1CE8B0B70062EFE9 /* WZEmptySegue.h */,
				1E8717ED1CE8B0B70062EFE9 /* WZEmptySegue.m */,
			);
			name = Segue;
			sourceTree = "<group>";
		};
		1E8717F01CE8B1FD0062EFE9 /* ContainerViewController */ = {
			isa = PBXGroup;
			children = (
				1E8717F11CE8B2650062EFE9 /* WZContainerViewController.h */,
				1E8717F21CE8B2650062EFE9 /* WZContainerViewController.m */,
			);
			name = ContainerViewController;
			sourceTree = "<group>";
		};
		1E906D821CC7653600A45B9A /* RegistrationViewController */ = {
			isa = PBXGroup;
			children = (
				1E42764E1CD915800004A0F8 /* WZRegistrationViewController.h */,
				1E42764F1CD915800004A0F8 /* WZRegistrationViewController.m */,
			);
			name = RegistrationViewController;
			sourceTree = "<group>";
		};
		1E906D871CC7698100A45B9A /* Storyboard */ = {
			isa = PBXGroup;
			children = (
				1E4276541CD915A20004A0F8 /* home.storyboard */,
				1E060B0A1CC4E311009E1BBC /* Login.storyboard */,
				1E7208C31CD920780017188F /* Profile.storyboard */,
				1E8717E31CE879410062EFE9 /* Chat.storyboard */,
				1E1CCB1A1D855EB600423904 /* Media.storyboard */,
				1E010B1F1E508A07004AF3B9 /* whiz.storyboard */,
			);
			name = Storyboard;
			sourceTree = "<group>";
		};
		1E9191181CC8AB1500E2B762 /* Custom Cell */ = {
			isa = PBXGroup;
			children = (
				1EA175E51CD50938004BCB32 /* TableViewCell */,
				1EA175E41CD50926004BCB32 /* CollectionViewCell */,
			);
			name = "Custom Cell";
			sourceTree = "<group>";
		};
		1E9728B71D43A5CE003EA877 /* Views */ = {
			isa = PBXGroup;
			children = (
				1EB5F3F41E813BC600352A36 /* MBCircularProgressView */,
				1E4C57471E771C6F00687BF7 /* SCustomProgressView.h */,
				1E4C57481E771C6F00687BF7 /* SCustomProgressView.m */,
				1E9728B81D43A611003EA877 /* WPostView.h */,
				1E9728B91D43A611003EA877 /* WPostView.m */,
				1E9728BA1D43A611003EA877 /* WPostView.xib */,
			);
			name = Views;
			sourceTree = "<group>";
		};
		1EA175E41CD50926004BCB32 /* CollectionViewCell */ = {
			isa = PBXGroup;
			children = (
				1E42762D1CD914E20004A0F8 /* WZFriendCollectionViewCell.h */,
				1E42762E1CD914E20004A0F8 /* WZFriendCollectionViewCell.m */,
			);
			name = CollectionViewCell;
			sourceTree = "<group>";
		};
		1EA175E51CD50938004BCB32 /* TableViewCell */ = {
			isa = PBXGroup;
			children = (
				1E4276271CD914D00004A0F8 /* WZPostTableViewCell.h */,
				1E4276281CD914D00004A0F8 /* WZPostTableViewCell.m */,
				1E4276291CD914D00004A0F8 /* WZPostTopTableViewCell.h */,
				1E42762A1CD914D00004A0F8 /* WZPostTopTableViewCell.m */,
				1E7208C61CD923740017188F /* WZProfileTableViewCell.h */,
				1E7208C71CD923740017188F /* WZProfileTableViewCell.m */,
				1E1887891CE1BF2C00B7F1D5 /* WZMyWishesTableViewCell.h */,
				1E18878A1CE1BF2C00B7F1D5 /* WZMyWishesTableViewCell.m */,
				1EA47E321D043C6600794973 /* WZMyPostTableViewCell.h */,
				1EA47E331D043C6600794973 /* WZMyPostTableViewCell.m */,
				1E00D5591E59E4E800AC3E95 /* WEditProfileTableViewCell.h */,
				1E00D55A1E59E4E800AC3E95 /* WEditProfileTableViewCell.m */,
			);
			name = TableViewCell;
			sourceTree = "<group>";
		};
		1EAE52421E4F70FB007DC15D /* TextViewController */ = {
			isa = PBXGroup;
			children = (
				1EAE523F1E4F701C007DC15D /* WTextViewController.h */,
				1EAE52401E4F701C007DC15D /* WTextViewController.m */,
			);
			name = TextViewController;
			sourceTree = "<group>";
		};
		1EB5F3F41E813BC600352A36 /* MBCircularProgressView */ = {
			isa = PBXGroup;
			children = (
				1EB5F3F51E813BC600352A36 /* MBCircularProgressBarLayer.h */,
				1EB5F3F61E813BC600352A36 /* MBCircularProgressBarLayer.m */,
				1EB5F3F71E813BC600352A36 /* MBCircularProgressBarView.h */,
				1EB5F3F81E813BC600352A36 /* MBCircularProgressBarView.m */,
			);
			path = MBCircularProgressView;
			sourceTree = "<group>";
		};
		1EC05A011E60A0AF007026C3 /* Video */ = {
			isa = PBXGroup;
			children = (
				1EC05A021E60A0BF007026C3 /* Background.mp4 */,
			);
			name = Video;
			sourceTree = "<group>";
		};
		1ED6C7201CE315100042D3F6 /* MyWishesViewController */ = {
			isa = PBXGroup;
			children = (
				1E8032971CDF0BE30010D036 /* WZMyWishesViewController.h */,
				1E8032981CDF0BE30010D036 /* WZMyWishesViewController.m */,
			);
			name = MyWishesViewController;
			sourceTree = "<group>";
		};
		1ED6C7211CE4E22D0042D3F6 /* PostsViewController */ = {
			isa = PBXGroup;
			children = (
				1ED6C7221CE4E2630042D3F6 /* WZPostsViewController.h */,
				1ED6C7231CE4E2630042D3F6 /* WZPostsViewController.m */,
			);
			name = PostsViewController;
			sourceTree = "<group>";
		};
		1ED942A01DFC67FF00BEF8AC /* PhotoViewController */ = {
			isa = PBXGroup;
			children = (
				1ED942A11DFC682000BEF8AC /* WPhotoViewController.h */,
				1ED942A21DFC682000BEF8AC /* WPhotoViewController.m */,
				1ED143121E41EE9C008045CA /* WPhotoEditViewController.h */,
				1ED143131E41EE9C008045CA /* WPhotoEditViewController.m */,
			);
			name = PhotoViewController;
			sourceTree = "<group>";
		};
		1EDF8D151CD87DB700F4B3F1 /* ProfileViewController */ = {
			isa = PBXGroup;
			children = (
				1E4276481CD915650004A0F8 /* WZMyProfileViewController.h */,
				1E4276491CD915650004A0F8 /* WZMyProfileViewController.m */,
			);
			name = ProfileViewController;
			sourceTree = "<group>";
		};
		1EE2666E1E85321600ECE867 /* Models */ = {
			isa = PBXGroup;
			children = (
				1EE266721E8532D800ECE867 /* New Group */,
				1EE2666F1E85324300ECE867 /* WZPost.h */,
				1EE266701E85324300ECE867 /* WZPost.m */,
			);
			name = Models;
			sourceTree = "<group>";
		};
		1EE266721E8532D800ECE867 /* New Group */ = {
			isa = PBXGroup;
			children = (
				1EE266731E85331E00ECE867 /* WZComments.h */,
				1EE266741E85331E00ECE867 /* WZComments.m */,
			);
			name = "New Group";
			sourceTree = "<group>";
		};
		1EE266761E85385E00ECE867 /* NSDate */ = {
			isa = PBXGroup;
			children = (
				1EE266771E8538B000ECE867 /* NSDate+Extras.h */,
				1EE266781E8538B000ECE867 /* NSDate+Extras.m */,
			);
			name = NSDate;
			sourceTree = "<group>";
		};
		1EE33E951E6F44290012248A /* NSURL */ = {
			isa = PBXGroup;
			children = (
				1EE33E961E6F44390012248A /* NSURL+SCSaveToCameraRoll.h */,
				1EE33E971E6F44390012248A /* NSURL+SCSaveToCameraRoll.m */,
			);
			name = NSURL;
			sourceTree = "<group>";
		};
		1EEDCCAA1DB507E600DBB363 /* Filter */ = {
			isa = PBXGroup;
			children = (
				1EEDCCAB1DB507F300DBB363 /* UIImage+Filtrr.h */,
				1EEDCCAC1DB507F300DBB363 /* UIImage+Filtrr.m */,
				1EEDCCAD1DB507F300DBB363 /* UIImage+FiltrrCompositions.h */,
				1EEDCCAE1DB507F300DBB363 /* UIImage+FiltrrCompositions.m */,
				1EEDCCAF1DB507F300DBB363 /* UIImage+Scale.h */,
				1EEDCCB01DB507F300DBB363 /* UIImage+Scale.m */,
			);
			name = Filter;
			sourceTree = "<group>";
		};
		1EFC87201E4C941F0045C801 /* RecordViewController */ = {
			isa = PBXGroup;
			children = (
				1EFC87211E4C94630045C801 /* WRecordAudioViewController.h */,
				1EFC87221E4C94630045C801 /* WRecordAudioViewController.m */,
			);
			name = RecordViewController;
			sourceTree = "<group>";
		};
		26E33D2ADAF34A36C4127475 /* Pods */ = {
			isa = PBXGroup;
			children = (
				554DF7009B71954A51CB9DDB /* Pods-wizhwish.debug.xcconfig */,
				66DC7C9BE2CC4D5C8692AB89 /* Pods-wizhwish.release.xcconfig */,
				A9707B569995A241F8132BD0 /* Pods-wizhwishTests.debug.xcconfig */,
				BA6D9722E13F80BB42ACA090 /* Pods-wizhwishTests.release.xcconfig */,
				563F3FCFC300ECDE76957AE1 /* Pods-wizhwishUITests.debug.xcconfig */,
				667A28FAD5B6F09A608861CC /* Pods-wizhwishUITests.release.xcconfig */,
			);
			name = Pods;
			sourceTree = "<group>";
		};
		B9C0C3AF17009FB9A1BCA61D /* Frameworks */ = {
			isa = PBXGroup;
			children = (
				1EFD83E01DB908AB00E119F3 /* MobileCoreServices.framework */,
				1E271DB21CE2149500DB572F /* Photos.framework */,
				1E271DB01CE2133900DB572F /* AssetsLibrary.framework */,
				1E271DAE1CE2097E00DB572F /* AVFoundation.framework */,
				CEE259F91320EACE61E495C4 /* libPods-wizhwish.a */,
				FABF292CDED638013DF25DF6 /* libPods-wizhwishTests.a */,
				AC095F7D0EE119FB8A0B7F8C /* libPods-wizhwishUITests.a */,
			);
			name = Frameworks;
			sourceTree = "<group>";
		};
/* End PBXGroup section */

/* Begin PBXNativeTarget section */
		1E060AFD1CC4E311009E1BBC /* wizhwish */ = {
			isa = PBXNativeTarget;
			buildConfigurationList = 1E060B2B1CC4E311009E1BBC /* Build configuration list for PBXNativeTarget "wizhwish" */;
			buildPhases = (
				9808B635A61D65690578EED8 /* [CP] Check Pods Manifest.lock */,
				1E060AFA1CC4E311009E1BBC /* Sources */,
				1E060AFB1CC4E311009E1BBC /* Frameworks */,
				1E060AFC1CC4E311009E1BBC /* Resources */,
				760F74AB3D5E716391DEF031 /* [CP] Embed Pods Frameworks */,
				3257BAF305DA4953569E5B42 /* [CP] Copy Pods Resources */,
			);
			buildRules = (
			);
			dependencies = (
			);
			name = wizhwish;
			productName = wizhwish;
			productReference = 1E060AFE1CC4E311009E1BBC /* wizhwish.app */;
			productType = "com.apple.product-type.application";
		};
		1E060B161CC4E311009E1BBC /* wizhwishTests */ = {
			isa = PBXNativeTarget;
			buildConfigurationList = 1E060B2E1CC4E311009E1BBC /* Build configuration list for PBXNativeTarget "wizhwishTests" */;
			buildPhases = (
				41A6321459F4A11CEB77D2E6 /* [CP] Check Pods Manifest.lock */,
				1E060B131CC4E311009E1BBC /* Sources */,
				1E060B141CC4E311009E1BBC /* Frameworks */,
				1E060B151CC4E311009E1BBC /* Resources */,
				A0446A68C23C63AB9984E986 /* [CP] Embed Pods Frameworks */,
				374AB839F6954B91F4D7B371 /* [CP] Copy Pods Resources */,
			);
			buildRules = (
			);
			dependencies = (
				1E060B191CC4E311009E1BBC /* PBXTargetDependency */,
			);
			name = wizhwishTests;
			productName = wizhwishTests;
			productReference = 1E060B171CC4E311009E1BBC /* wizhwishTests.xctest */;
			productType = "com.apple.product-type.bundle.unit-test";
		};
		1E060B211CC4E311009E1BBC /* wizhwishUITests */ = {
			isa = PBXNativeTarget;
			buildConfigurationList = 1E060B311CC4E311009E1BBC /* Build configuration list for PBXNativeTarget "wizhwishUITests" */;
			buildPhases = (
				585F9B3F28B39B4C75BED02C /* [CP] Check Pods Manifest.lock */,
				1E060B1E1CC4E311009E1BBC /* Sources */,
				1E060B1F1CC4E311009E1BBC /* Frameworks */,
				1E060B201CC4E311009E1BBC /* Resources */,
				2BF20C03C3608317E44372D6 /* [CP] Embed Pods Frameworks */,
				D2E7EDD07FEC6F0CA7E1C13E /* [CP] Copy Pods Resources */,
			);
			buildRules = (
			);
			dependencies = (
				1E060B241CC4E311009E1BBC /* PBXTargetDependency */,
			);
			name = wizhwishUITests;
			productName = wizhwishUITests;
			productReference = 1E060B221CC4E311009E1BBC /* wizhwishUITests.xctest */;
			productType = "com.apple.product-type.bundle.ui-testing";
		};
/* End PBXNativeTarget section */

/* Begin PBXProject section */
		1E060AF61CC4E311009E1BBC /* Project object */ = {
			isa = PBXProject;
			attributes = {
				LastSwiftUpdateCheck = 0730;
				LastUpgradeCheck = 0720;
				ORGANIZATIONNAME = "Syed Abdul Basit";
				TargetAttributes = {
					1E060AFD1CC4E311009E1BBC = {
						CreatedOnToolsVersion = 7.2;
						DevelopmentTeam = RZ28SZX84Y;
					};
					1E060B161CC4E311009E1BBC = {
						CreatedOnToolsVersion = 7.2;
						TestTargetID = 1E060AFD1CC4E311009E1BBC;
					};
					1E060B211CC4E311009E1BBC = {
						CreatedOnToolsVersion = 7.2;
						TestTargetID = 1E060AFD1CC4E311009E1BBC;
					};
				};
			};
			buildConfigurationList = 1E060AF91CC4E311009E1BBC /* Build configuration list for PBXProject "wizhwish" */;
			compatibilityVersion = "Xcode 3.2";
			developmentRegion = English;
			hasScannedForEncodings = 0;
			knownRegions = (
				en,
				Base,
			);
			mainGroup = 1E060AF51CC4E311009E1BBC;
			productRefGroup = 1E060AFF1CC4E311009E1BBC /* Products */;
			projectDirPath = "";
			projectRoot = "";
			targets = (
				1E060AFD1CC4E311009E1BBC /* wizhwish */,
				1E060B161CC4E311009E1BBC /* wizhwishTests */,
				1E060B211CC4E311009E1BBC /* wizhwishUITests */,
			);
		};
/* End PBXProject section */

/* Begin PBXResourcesBuildPhase section */
		1E060AFC1CC4E311009E1BBC /* Resources */ = {
			isa = PBXResourcesBuildPhase;
			buildActionMask = 2147483647;
			files = (
				1E7208C51CD920780017188F /* Profile.storyboard in Resources */,
				1E8717E71CE8A19F0062EFE9 /* Chat.xcassets in Resources */,
				1E1CCB1E1D85602E00423904 /* Media.xcassets in Resources */,
				1E9728BC1D43A611003EA877 /* WPostView.xib in Resources */,
				1E4276561CD915A20004A0F8 /* home.storyboard in Resources */,
				1E1CCB1C1D855EB600423904 /* Media.storyboard in Resources */,
				1E010B211E508A07004AF3B9 /* whiz.storyboard in Resources */,
				1E8032921CDE67FD0010D036 /* Profile.xcassets in Resources */,
				1E060B111CC4E311009E1BBC /* LaunchScreen.storyboard in Resources */,
				1E4FD21A1CFB183600612466 /* PHAGSPA.TTF in Resources */,
				1E4276581CD915B90004A0F8 /* Home.xcassets in Resources */,
				1E4FD21B1CFB183B00612466 /* PHAGSPAB.TTF in Resources */,
				1E42765B1CD915C10004A0F8 /* Login.xcassets in Resources */,
				1EC05A031E60A508007026C3 /* Background.mp4 in Resources */,
				1E8717E51CE879410062EFE9 /* Chat.storyboard in Resources */,
				1E060B0C1CC4E311009E1BBC /* Login.storyboard in Resources */,
			);
			runOnlyForDeploymentPostprocessing = 0;
		};
		1E060B151CC4E311009E1BBC /* Resources */ = {
			isa = PBXResourcesBuildPhase;
			buildActionMask = 2147483647;
			files = (
			);
			runOnlyForDeploymentPostprocessing = 0;
		};
		1E060B201CC4E311009E1BBC /* Resources */ = {
			isa = PBXResourcesBuildPhase;
			buildActionMask = 2147483647;
			files = (
			);
			runOnlyForDeploymentPostprocessing = 0;
		};
/* End PBXResourcesBuildPhase section */

/* Begin PBXShellScriptBuildPhase section */
		2BF20C03C3608317E44372D6 /* [CP] Embed Pods Frameworks */ = {
			isa = PBXShellScriptBuildPhase;
			buildActionMask = 2147483647;
			files = (
			);
			inputPaths = (
			);
			name = "[CP] Embed Pods Frameworks";
			outputPaths = (
			);
			runOnlyForDeploymentPostprocessing = 0;
			shellPath = /bin/sh;
			shellScript = "\"${SRCROOT}/Pods/Target Support Files/Pods-wizhwishUITests/Pods-wizhwishUITests-frameworks.sh\"\n";
			showEnvVarsInLog = 0;
		};
		3257BAF305DA4953569E5B42 /* [CP] Copy Pods Resources */ = {
			isa = PBXShellScriptBuildPhase;
			buildActionMask = 2147483647;
			files = (
			);
			inputPaths = (
			);
			name = "[CP] Copy Pods Resources";
			outputPaths = (
			);
			runOnlyForDeploymentPostprocessing = 0;
			shellPath = /bin/sh;
			shellScript = "\"${SRCROOT}/Pods/Target Support Files/Pods-wizhwish/Pods-wizhwish-resources.sh\"\n";
			showEnvVarsInLog = 0;
		};
		374AB839F6954B91F4D7B371 /* [CP] Copy Pods Resources */ = {
			isa = PBXShellScriptBuildPhase;
			buildActionMask = 2147483647;
			files = (
			);
			inputPaths = (
			);
			name = "[CP] Copy Pods Resources";
			outputPaths = (
			);
			runOnlyForDeploymentPostprocessing = 0;
			shellPath = /bin/sh;
			shellScript = "\"${SRCROOT}/Pods/Target Support Files/Pods-wizhwishTests/Pods-wizhwishTests-resources.sh\"\n";
			showEnvVarsInLog = 0;
		};
		41A6321459F4A11CEB77D2E6 /* [CP] Check Pods Manifest.lock */ = {
			isa = PBXShellScriptBuildPhase;
			buildActionMask = 2147483647;
			files = (
			);
			inputPaths = (
			);
			name = "[CP] Check Pods Manifest.lock";
			outputPaths = (
			);
			runOnlyForDeploymentPostprocessing = 0;
			shellPath = /bin/sh;
			shellScript = "diff \"${PODS_ROOT}/../Podfile.lock\" \"${PODS_ROOT}/Manifest.lock\" > /dev/null\nif [ $? != 0 ] ; then\n    # print error to STDERR\n    echo \"error: The sandbox is not in sync with the Podfile.lock. Run 'pod install' or update your CocoaPods installation.\" >&2\n    exit 1\nfi\n";
			showEnvVarsInLog = 0;
		};
		585F9B3F28B39B4C75BED02C /* [CP] Check Pods Manifest.lock */ = {
			isa = PBXShellScriptBuildPhase;
			buildActionMask = 2147483647;
			files = (
			);
			inputPaths = (
			);
			name = "[CP] Check Pods Manifest.lock";
			outputPaths = (
			);
			runOnlyForDeploymentPostprocessing = 0;
			shellPath = /bin/sh;
			shellScript = "diff \"${PODS_ROOT}/../Podfile.lock\" \"${PODS_ROOT}/Manifest.lock\" > /dev/null\nif [ $? != 0 ] ; then\n    # print error to STDERR\n    echo \"error: The sandbox is not in sync with the Podfile.lock. Run 'pod install' or update your CocoaPods installation.\" >&2\n    exit 1\nfi\n";
			showEnvVarsInLog = 0;
		};
		760F74AB3D5E716391DEF031 /* [CP] Embed Pods Frameworks */ = {
			isa = PBXShellScriptBuildPhase;
			buildActionMask = 2147483647;
			files = (
			);
			inputPaths = (
			);
			name = "[CP] Embed Pods Frameworks";
			outputPaths = (
			);
			runOnlyForDeploymentPostprocessing = 0;
			shellPath = /bin/sh;
			shellScript = "\"${SRCROOT}/Pods/Target Support Files/Pods-wizhwish/Pods-wizhwish-frameworks.sh\"\n";
			showEnvVarsInLog = 0;
		};
		9808B635A61D65690578EED8 /* [CP] Check Pods Manifest.lock */ = {
			isa = PBXShellScriptBuildPhase;
			buildActionMask = 2147483647;
			files = (
			);
			inputPaths = (
			);
			name = "[CP] Check Pods Manifest.lock";
			outputPaths = (
			);
			runOnlyForDeploymentPostprocessing = 0;
			shellPath = /bin/sh;
			shellScript = "diff \"${PODS_ROOT}/../Podfile.lock\" \"${PODS_ROOT}/Manifest.lock\" > /dev/null\nif [ $? != 0 ] ; then\n    # print error to STDERR\n    echo \"error: The sandbox is not in sync with the Podfile.lock. Run 'pod install' or update your CocoaPods installation.\" >&2\n    exit 1\nfi\n";
			showEnvVarsInLog = 0;
		};
		A0446A68C23C63AB9984E986 /* [CP] Embed Pods Frameworks */ = {
			isa = PBXShellScriptBuildPhase;
			buildActionMask = 2147483647;
			files = (
			);
			inputPaths = (
			);
			name = "[CP] Embed Pods Frameworks";
			outputPaths = (
			);
			runOnlyForDeploymentPostprocessing = 0;
			shellPath = /bin/sh;
			shellScript = "\"${SRCROOT}/Pods/Target Support Files/Pods-wizhwishTests/Pods-wizhwishTests-frameworks.sh\"\n";
			showEnvVarsInLog = 0;
		};
		D2E7EDD07FEC6F0CA7E1C13E /* [CP] Copy Pods Resources */ = {
			isa = PBXShellScriptBuildPhase;
			buildActionMask = 2147483647;
			files = (
			);
			inputPaths = (
			);
			name = "[CP] Copy Pods Resources";
			outputPaths = (
			);
			runOnlyForDeploymentPostprocessing = 0;
			shellPath = /bin/sh;
			shellScript = "\"${SRCROOT}/Pods/Target Support Files/Pods-wizhwishUITests/Pods-wizhwishUITests-resources.sh\"\n";
			showEnvVarsInLog = 0;
		};
/* End PBXShellScriptBuildPhase section */

/* Begin PBXSourcesBuildPhase section */
		1E060AFA1CC4E311009E1BBC /* Sources */ = {
			isa = PBXSourcesBuildPhase;
			buildActionMask = 2147483647;
			files = (
				1E00D5491E598B5100AC3E95 /* WWishBoardViewController.m in Sources */,
				1ED6C7241CE4E2630042D3F6 /* WZPostsViewController.m in Sources */,
				1EB5F3F91E813BC600352A36 /* MBCircularProgressBarLayer.m in Sources */,
				1ED942A31DFC682000BEF8AC /* WPhotoViewController.m in Sources */,
				1E00D54C1E599AF900AC3E95 /* WGiftViewController.m in Sources */,
				1EAC13B51E618BE8002A6FDE /* LoginViewController.m in Sources */,
				1E2F0C131DB24E50002CF9AA /* WSetting.m in Sources */,
				1E00D5521E59D6B400AC3E95 /* WWishToViewController.m in Sources */,
				1E42762B1CD914D00004A0F8 /* WZPostTableViewCell.m in Sources */,
				1E5A1A441E6C6FFD003226A8 /* WTempVideoRecorderViewController.m in Sources */,
				1E18878B1CE1BF2C00B7F1D5 /* WZMyWishesTableViewCell.m in Sources */,
				1EE266791E8538B000ECE867 /* NSDate+Extras.m in Sources */,
				1E4276321CD914F70004A0F8 /* UIViewController+Extras.m in Sources */,
				1E8032961CDF040D0010D036 /* UITextField+Extras.m in Sources */,
				1EEDCCB11DB507F300DBB363 /* UIImage+Filtrr.m in Sources */,
				1E4276261CD914B00004A0F8 /* RUUtility.m in Sources */,
				1E4C57491E771C6F00687BF7 /* SCustomProgressView.m in Sources */,
				1E8717F31CE8B2650062EFE9 /* WZContainerViewController.m in Sources */,
				1E8717FE1CE8BDCA0062EFE9 /* WZNewFriendViewController.m in Sources */,
				1E00D54F1E59CEA300AC3E95 /* WWishListViewController.m in Sources */,
				1E4FD22F1CFB311500612466 /* JKSearchBar.m in Sources */,
				1E00D5551E59DB8700AC3E95 /* WCommentsViewController.m in Sources */,
				1E4276501CD915800004A0F8 /* WZRegistrationViewController.m in Sources */,
				1E4FD2331CFB318500612466 /* JKPickerView.m in Sources */,
				1E010B251E509277004AF3B9 /* WWizhViewController.m in Sources */,
				1EE266751E85331E00ECE867 /* WZComments.m in Sources */,
				1E4276411CD915350004A0F8 /* OLGhostAlertView+Extras.m in Sources */,
				1E00D5581E59E43E00AC3E95 /* WProfileViewController.m in Sources */,
				1EAE52411E4F701C007DC15D /* WTextViewController.m in Sources */,
				1E00D55B1E59E4E800AC3E95 /* WEditProfileTableViewCell.m in Sources */,
				1E7208C81CD923740017188F /* WZProfileTableViewCell.m in Sources */,
				1E42762C1CD914D00004A0F8 /* WZPostTopTableViewCell.m in Sources */,
				1E42764A1CD915650004A0F8 /* WZMyProfileViewController.m in Sources */,
				1E4C578F1E791EC400687BF7 /* WZServiceParser.m in Sources */,
				1E8032991CDF0BE30010D036 /* WZMyWishesViewController.m in Sources */,
				1EEDCCB31DB507F300DBB363 /* UIImage+Scale.m in Sources */,
				1E8717F81CE8B4B60062EFE9 /* WZChatListViewController.m in Sources */,
				1E4276441CD915430004A0F8 /* NSString+Extras.m in Sources */,
				1EA47E341D043C6600794973 /* WZMyPostTableViewCell.m in Sources */,
				1EE33E981E6F44390012248A /* NSURL+SCSaveToCameraRoll.m in Sources */,
				1EEDCCB21DB507F300DBB363 /* UIImage+FiltrrCompositions.m in Sources */,
				1E42763E1CD915270004A0F8 /* UIColor+Extras.m in Sources */,
				1E4276471CD915510004A0F8 /* NSError+Extras.m in Sources */,
				1E7208CB1CD924420017188F /* WZFollowerViewController.m in Sources */,
				1E4C578B1E791B0300687BF7 /* RUWebServiceParser.m in Sources */,
				1E1CCB221D85629900423904 /* WVideoRecordViewController.m in Sources */,
				1E42763B1CD9151A0004A0F8 /* UIImage+Extra.m in Sources */,
				1E8717EB1CE8A8BC0062EFE9 /* WZChatViewController.m in Sources */,
				1E4276381CD9150D0004A0F8 /* UIStoryboard+Extras.m in Sources */,
				1E8717EE1CE8B0B70062EFE9 /* WZEmptySegue.m in Sources */,
				1E4276351CD915020004A0F8 /* UIView+Extras.m in Sources */,
				1EFC87231E4C94630045C801 /* WRecordAudioViewController.m in Sources */,
				1EE266711E85324300ECE867 /* WZPost.m in Sources */,
				1E42762F1CD914E20004A0F8 /* WZFriendCollectionViewCell.m in Sources */,
				1ED143141E41EE9C008045CA /* WPhotoEditViewController.m in Sources */,
				1E9728BB1D43A611003EA877 /* WPostView.m in Sources */,
				1EB5F3FA1E813BC600352A36 /* MBCircularProgressBarView.m in Sources */,
				1E42764D1CD915720004A0F8 /* WZHomeViewController.m in Sources */,
				1E060B061CC4E311009E1BBC /* AppDelegate.m in Sources */,
				1E060B031CC4E311009E1BBC /* main.m in Sources */,
			);
			runOnlyForDeploymentPostprocessing = 0;
		};
		1E060B131CC4E311009E1BBC /* Sources */ = {
			isa = PBXSourcesBuildPhase;
			buildActionMask = 2147483647;
			files = (
				1E060B1C1CC4E311009E1BBC /* wizhwishTests.m in Sources */,
			);
			runOnlyForDeploymentPostprocessing = 0;
		};
		1E060B1E1CC4E311009E1BBC /* Sources */ = {
			isa = PBXSourcesBuildPhase;
			buildActionMask = 2147483647;
			files = (
				1E060B271CC4E311009E1BBC /* wizhwishUITests.m in Sources */,
			);
			runOnlyForDeploymentPostprocessing = 0;
		};
/* End PBXSourcesBuildPhase section */

/* Begin PBXTargetDependency section */
		1E060B191CC4E311009E1BBC /* PBXTargetDependency */ = {
			isa = PBXTargetDependency;
			target = 1E060AFD1CC4E311009E1BBC /* wizhwish */;
			targetProxy = 1E060B181CC4E311009E1BBC /* PBXContainerItemProxy */;
		};
		1E060B241CC4E311009E1BBC /* PBXTargetDependency */ = {
			isa = PBXTargetDependency;
			target = 1E060AFD1CC4E311009E1BBC /* wizhwish */;
			targetProxy = 1E060B231CC4E311009E1BBC /* PBXContainerItemProxy */;
		};
/* End PBXTargetDependency section */

/* Begin PBXVariantGroup section */
		1E010B1F1E508A07004AF3B9 /* whiz.storyboard */ = {
			isa = PBXVariantGroup;
			children = (
				1E010B201E508A07004AF3B9 /* Base */,
			);
			name = whiz.storyboard;
			sourceTree = "<group>";
		};
		1E060B0A1CC4E311009E1BBC /* Login.storyboard */ = {
			isa = PBXVariantGroup;
			children = (
				1E060B0B1CC4E311009E1BBC /* Base */,
			);
			name = Login.storyboard;
			sourceTree = "<group>";
		};
		1E060B0F1CC4E311009E1BBC /* LaunchScreen.storyboard */ = {
			isa = PBXVariantGroup;
			children = (
				1E060B101CC4E311009E1BBC /* Base */,
			);
			name = LaunchScreen.storyboard;
			sourceTree = "<group>";
		};
		1E1CCB1A1D855EB600423904 /* Media.storyboard */ = {
			isa = PBXVariantGroup;
			children = (
				1E1CCB1B1D855EB600423904 /* Base */,
			);
			name = Media.storyboard;
			sourceTree = "<group>";
		};
		1E4276541CD915A20004A0F8 /* home.storyboard */ = {
			isa = PBXVariantGroup;
			children = (
				1E4276551CD915A20004A0F8 /* Base */,
			);
			name = home.storyboard;
			sourceTree = "<group>";
		};
		1E7208C31CD920780017188F /* Profile.storyboard */ = {
			isa = PBXVariantGroup;
			children = (
				1E7208C41CD920780017188F /* Base */,
			);
			name = Profile.storyboard;
			sourceTree = "<group>";
		};
		1E8717E31CE879410062EFE9 /* Chat.storyboard */ = {
			isa = PBXVariantGroup;
			children = (
				1E8717E41CE879410062EFE9 /* Base */,
			);
			name = Chat.storyboard;
			sourceTree = "<group>";
		};
/* End PBXVariantGroup section */

/* Begin XCBuildConfiguration section */
		1E060B291CC4E311009E1BBC /* Debug */ = {
			isa = XCBuildConfiguration;
			buildSettings = {
				ALWAYS_SEARCH_USER_PATHS = NO;
				CLANG_CXX_LANGUAGE_STANDARD = "gnu++0x";
				CLANG_CXX_LIBRARY = "libc++";
				CLANG_ENABLE_MODULES = YES;
				CLANG_ENABLE_OBJC_ARC = YES;
				CLANG_WARN_BOOL_CONVERSION = YES;
				CLANG_WARN_CONSTANT_CONVERSION = YES;
				CLANG_WARN_DIRECT_OBJC_ISA_USAGE = YES_ERROR;
				CLANG_WARN_EMPTY_BODY = YES;
				CLANG_WARN_ENUM_CONVERSION = YES;
				CLANG_WARN_INT_CONVERSION = YES;
				CLANG_WARN_OBJC_ROOT_CLASS = YES_ERROR;
				CLANG_WARN_UNREACHABLE_CODE = YES;
				CLANG_WARN__DUPLICATE_METHOD_MATCH = YES;
				"CODE_SIGN_IDENTITY[sdk=iphoneos*]" = "iPhone Developer";
				COPY_PHASE_STRIP = NO;
				DEBUG_INFORMATION_FORMAT = dwarf;
				ENABLE_STRICT_OBJC_MSGSEND = YES;
				ENABLE_TESTABILITY = YES;
				GCC_C_LANGUAGE_STANDARD = gnu99;
				GCC_DYNAMIC_NO_PIC = NO;
				GCC_NO_COMMON_BLOCKS = YES;
				GCC_OPTIMIZATION_LEVEL = 0;
				GCC_PREFIX_HEADER = wizhwish/Resources/wizwish.pch;
				GCC_PREPROCESSOR_DEFINITIONS = (
					"DEBUG=1",
					"$(inherited)",
				);
				GCC_WARN_64_TO_32_BIT_CONVERSION = YES;
				GCC_WARN_ABOUT_RETURN_TYPE = YES_ERROR;
				GCC_WARN_UNDECLARED_SELECTOR = YES;
				GCC_WARN_UNINITIALIZED_AUTOS = YES_AGGRESSIVE;
				GCC_WARN_UNUSED_FUNCTION = YES;
				GCC_WARN_UNUSED_VARIABLE = YES;
				IPHONEOS_DEPLOYMENT_TARGET = 9.2;
				MTL_ENABLE_DEBUG_INFO = YES;
				ONLY_ACTIVE_ARCH = YES;
				SDKROOT = iphoneos;
			};
			name = Debug;
		};
		1E060B2A1CC4E311009E1BBC /* Release */ = {
			isa = XCBuildConfiguration;
			buildSettings = {
				ALWAYS_SEARCH_USER_PATHS = NO;
				CLANG_CXX_LANGUAGE_STANDARD = "gnu++0x";
				CLANG_CXX_LIBRARY = "libc++";
				CLANG_ENABLE_MODULES = YES;
				CLANG_ENABLE_OBJC_ARC = YES;
				CLANG_WARN_BOOL_CONVERSION = YES;
				CLANG_WARN_CONSTANT_CONVERSION = YES;
				CLANG_WARN_DIRECT_OBJC_ISA_USAGE = YES_ERROR;
				CLANG_WARN_EMPTY_BODY = YES;
				CLANG_WARN_ENUM_CONVERSION = YES;
				CLANG_WARN_INT_CONVERSION = YES;
				CLANG_WARN_OBJC_ROOT_CLASS = YES_ERROR;
				CLANG_WARN_UNREACHABLE_CODE = YES;
				CLANG_WARN__DUPLICATE_METHOD_MATCH = YES;
				"CODE_SIGN_IDENTITY[sdk=iphoneos*]" = "iPhone Developer";
				COPY_PHASE_STRIP = NO;
				DEBUG_INFORMATION_FORMAT = "dwarf-with-dsym";
				ENABLE_NS_ASSERTIONS = NO;
				ENABLE_STRICT_OBJC_MSGSEND = YES;
				GCC_C_LANGUAGE_STANDARD = gnu99;
				GCC_NO_COMMON_BLOCKS = YES;
				GCC_PREFIX_HEADER = wizhwish/Resources/wizwish.pch;
				GCC_WARN_64_TO_32_BIT_CONVERSION = YES;
				GCC_WARN_ABOUT_RETURN_TYPE = YES_ERROR;
				GCC_WARN_UNDECLARED_SELECTOR = YES;
				GCC_WARN_UNINITIALIZED_AUTOS = YES_AGGRESSIVE;
				GCC_WARN_UNUSED_FUNCTION = YES;
				GCC_WARN_UNUSED_VARIABLE = YES;
				IPHONEOS_DEPLOYMENT_TARGET = 9.2;
				MTL_ENABLE_DEBUG_INFO = NO;
				SDKROOT = iphoneos;
				VALIDATE_PRODUCT = YES;
			};
			name = Release;
		};
		1E060B2C1CC4E311009E1BBC /* Debug */ = {
			isa = XCBuildConfiguration;
			baseConfigurationReference = 554DF7009B71954A51CB9DDB /* Pods-wizhwish.debug.xcconfig */;
			buildSettings = {
				ALWAYS_SEARCH_USER_PATHS = YES;
				ASSETCATALOG_COMPILER_APPICON_NAME = AppIcon;
				CLANG_ENABLE_MODULES = YES;
				CLANG_WARN__ARC_BRIDGE_CAST_NONARC = NO;
				CODE_SIGN_IDENTITY = "iPhone Developer: Nasser Alameeri (Y966936F3T)";
				"CODE_SIGN_IDENTITY[sdk=iphoneos*]" = "iPhone Developer: Nasser Alameeri (Y966936F3T)";
				COPY_HEADERS_RUN_UNIFDEF = NO;
				DEVELOPMENT_TEAM = RZ28SZX84Y;
				ENABLE_BITCODE = NO;
				GCC_INCREASE_PRECOMPILED_HEADER_SHARING = YES;
				GCC_PRECOMPILE_PREFIX_HEADER = YES;
				GCC_PREFIX_HEADER = wizhwish/Resources/WizWish.pch;
				GCC_USE_STANDARD_INCLUDE_SEARCHING = YES;
				INFOPLIST_FILE = wizhwish/Info.plist;
				LD_RUNPATH_SEARCH_PATHS = "$(inherited) @executable_path/Frameworks";
				PRODUCT_BUNDLE_IDENTIFIER = com.wiz.wizwish;
				PRODUCT_NAME = "$(TARGET_NAME)";
				PROVISIONING_PROFILE = "a48315b1-3e11-48a2-a0bb-bd6dba44928c";
				PROVISIONING_PROFILE_SPECIFIER = Wiz_Dev_profile;
				SWIFT_OBJC_BRIDGING_HEADER = "wizhwish/wizhwish-Bridging-Header.h";
				SWIFT_OPTIMIZATION_LEVEL = "-Onone";
			};
			name = Debug;
		};
		1E060B2D1CC4E311009E1BBC /* Release */ = {
			isa = XCBuildConfiguration;
			baseConfigurationReference = 66DC7C9BE2CC4D5C8692AB89 /* Pods-wizhwish.release.xcconfig */;
			buildSettings = {
				ALWAYS_SEARCH_USER_PATHS = YES;
				ASSETCATALOG_COMPILER_APPICON_NAME = AppIcon;
				CLANG_ENABLE_MODULES = YES;
				CLANG_WARN__ARC_BRIDGE_CAST_NONARC = NO;
				CODE_SIGN_IDENTITY = "iPhone Distribution: Nasser Alameeri (RZ28SZX84Y)";
				"CODE_SIGN_IDENTITY[sdk=iphoneos*]" = "iPhone Distribution: Nasser Alameeri (RZ28SZX84Y)";
				COPY_HEADERS_RUN_UNIFDEF = NO;
				ENABLE_BITCODE = NO;
				GCC_INCREASE_PRECOMPILED_HEADER_SHARING = YES;
				GCC_PRECOMPILE_PREFIX_HEADER = YES;
				GCC_PREFIX_HEADER = wizhwish/Resources/WizWish.pch;
				GCC_USE_STANDARD_INCLUDE_SEARCHING = YES;
				INFOPLIST_FILE = wizhwish/Info.plist;
				LD_RUNPATH_SEARCH_PATHS = "$(inherited) @executable_path/Frameworks";
				PRODUCT_BUNDLE_IDENTIFIER = com.wiz.wizwish;
				PRODUCT_NAME = "$(TARGET_NAME)";
				PROVISIONING_PROFILE = "fe37c903-a313-40e7-a2c1-f42e4bec69b6";
				SWIFT_OBJC_BRIDGING_HEADER = "wizhwish/wizhwish-Bridging-Header.h";
			};
			name = Release;
		};
		1E060B2F1CC4E311009E1BBC /* Debug */ = {
			isa = XCBuildConfiguration;
			baseConfigurationReference = A9707B569995A241F8132BD0 /* Pods-wizhwishTests.debug.xcconfig */;
			buildSettings = {
				BUNDLE_LOADER = "$(TEST_HOST)";
				INFOPLIST_FILE = wizhwishTests/Info.plist;
				LD_RUNPATH_SEARCH_PATHS = "$(inherited) @executable_path/Frameworks @loader_path/Frameworks";
				PRODUCT_BUNDLE_IDENTIFIER = com.mashwani.wizhwishTests;
				PRODUCT_NAME = "$(TARGET_NAME)";
				TEST_HOST = "$(BUILT_PRODUCTS_DIR)/wizhwish.app/wizhwish";
			};
			name = Debug;
		};
		1E060B301CC4E311009E1BBC /* Release */ = {
			isa = XCBuildConfiguration;
			baseConfigurationReference = BA6D9722E13F80BB42ACA090 /* Pods-wizhwishTests.release.xcconfig */;
			buildSettings = {
				BUNDLE_LOADER = "$(TEST_HOST)";
				INFOPLIST_FILE = wizhwishTests/Info.plist;
				LD_RUNPATH_SEARCH_PATHS = "$(inherited) @executable_path/Frameworks @loader_path/Frameworks";
				PRODUCT_BUNDLE_IDENTIFIER = com.mashwani.wizhwishTests;
				PRODUCT_NAME = "$(TARGET_NAME)";
				TEST_HOST = "$(BUILT_PRODUCTS_DIR)/wizhwish.app/wizhwish";
			};
			name = Release;
		};
		1E060B321CC4E311009E1BBC /* Debug */ = {
			isa = XCBuildConfiguration;
			baseConfigurationReference = 563F3FCFC300ECDE76957AE1 /* Pods-wizhwishUITests.debug.xcconfig */;
			buildSettings = {
				INFOPLIST_FILE = wizhwishUITests/Info.plist;
				LD_RUNPATH_SEARCH_PATHS = "$(inherited) @executable_path/Frameworks @loader_path/Frameworks";
				PRODUCT_BUNDLE_IDENTIFIER = com.mashwani.wizhwishUITests;
				PRODUCT_NAME = "$(TARGET_NAME)";
				TEST_TARGET_NAME = wizhwish;
				USES_XCTRUNNER = YES;
			};
			name = Debug;
		};
		1E060B331CC4E311009E1BBC /* Release */ = {
			isa = XCBuildConfiguration;
			baseConfigurationReference = 667A28FAD5B6F09A608861CC /* Pods-wizhwishUITests.release.xcconfig */;
			buildSettings = {
				INFOPLIST_FILE = wizhwishUITests/Info.plist;
				LD_RUNPATH_SEARCH_PATHS = "$(inherited) @executable_path/Frameworks @loader_path/Frameworks";
				PRODUCT_BUNDLE_IDENTIFIER = com.mashwani.wizhwishUITests;
				PRODUCT_NAME = "$(TARGET_NAME)";
				TEST_TARGET_NAME = wizhwish;
				USES_XCTRUNNER = YES;
			};
			name = Release;
		};
/* End XCBuildConfiguration section */

/* Begin XCConfigurationList section */
		1E060AF91CC4E311009E1BBC /* Build configuration list for PBXProject "wizhwish" */ = {
			isa = XCConfigurationList;
			buildConfigurations = (
				1E060B291CC4E311009E1BBC /* Debug */,
				1E060B2A1CC4E311009E1BBC /* Release */,
			);
			defaultConfigurationIsVisible = 0;
			defaultConfigurationName = Release;
		};
		1E060B2B1CC4E311009E1BBC /* Build configuration list for PBXNativeTarget "wizhwish" */ = {
			isa = XCConfigurationList;
			buildConfigurations = (
				1E060B2C1CC4E311009E1BBC /* Debug */,
				1E060B2D1CC4E311009E1BBC /* Release */,
			);
			defaultConfigurationIsVisible = 0;
			defaultConfigurationName = Release;
		};
		1E060B2E1CC4E311009E1BBC /* Build configuration list for PBXNativeTarget "wizhwishTests" */ = {
			isa = XCConfigurationList;
			buildConfigurations = (
				1E060B2F1CC4E311009E1BBC /* Debug */,
				1E060B301CC4E311009E1BBC /* Release */,
			);
			defaultConfigurationIsVisible = 0;
			defaultConfigurationName = Release;
		};
		1E060B311CC4E311009E1BBC /* Build configuration list for PBXNativeTarget "wizhwishUITests" */ = {
			isa = XCConfigurationList;
			buildConfigurations = (
				1E060B321CC4E311009E1BBC /* Debug */,
				1E060B331CC4E311009E1BBC /* Release */,
			);
			defaultConfigurationIsVisible = 0;
			defaultConfigurationName = Release;
		};
/* End XCConfigurationList section */
	};
	rootObject = 1E060AF61CC4E311009E1BBC /* Project object */;
}
